// !$*UTF8*$!
{
	archiveVersion = 1;
	classes = {
	};
	objectVersion = 50;
	objects = {

/* Begin PBXBuildFile section */
		DA24877E23D857CC00BA265B /* Game.swift in Sources */ = {isa = PBXBuildFile; fileRef = DA24877D23D857CC00BA265B /* Game.swift */; };
		DA24878023D8646B00BA265B /* Player.swift in Sources */ = {isa = PBXBuildFile; fileRef = DA24877F23D8646B00BA265B /* Player.swift */; };
		DA24878223D8682500BA265B /* Sprite.swift in Sources */ = {isa = PBXBuildFile; fileRef = DA24878123D8682500BA265B /* Sprite.swift */; };
		DA24878423D86CE200BA265B /* Control.swift in Sources */ = {isa = PBXBuildFile; fileRef = DA24878323D86CE200BA265B /* Control.swift */; };
		DA24878623D870C400BA265B /* Stand.swift in Sources */ = {isa = PBXBuildFile; fileRef = DA24878523D870C400BA265B /* Stand.swift */; };
		DA2F75A923D9A080001519C6 /* Scene.swift in Sources */ = {isa = PBXBuildFile; fileRef = DA2F75A823D9A080001519C6 /* Scene.swift */; };
		DA39DF2723D9DFB900A304F2 /* House_Bedroom.sks in Resources */ = {isa = PBXBuildFile; fileRef = DA39DF2623D9DFB900A304F2 /* House_Bedroom.sks */; };
		DA39DF2923D9E09D00A304F2 /* Schrodinger.xcassets in Resources */ = {isa = PBXBuildFile; fileRef = DA39DF2823D9E09D00A304F2 /* Schrodinger.xcassets */; };
		DA39DF2B23D9E0CC00A304F2 /* House.xcassets in Resources */ = {isa = PBXBuildFile; fileRef = DA39DF2A23D9E0CC00A304F2 /* House.xcassets */; };
		DA39DF2D23D9E86A00A304F2 /* Tiles_House.sks in Resources */ = {isa = PBXBuildFile; fileRef = DA39DF2C23D9E86A00A304F2 /* Tiles_House.sks */; };
		DA4AF1C523DB17480041A35D /* House_Corridor.sks in Resources */ = {isa = PBXBuildFile; fileRef = DA4AF1C423DB17480041A35D /* House_Corridor.sks */; };
		DA4AF1C723DB1A340041A35D /* House_Corridor.swift in Sources */ = {isa = PBXBuildFile; fileRef = DA4AF1C623DB1A340041A35D /* House_Corridor.swift */; };
		DA4AF1CE23DB1C750041A35D /* libSchrodinger.a in Frameworks */ = {isa = PBXBuildFile; fileRef = DA73DE3F23D1B78E00E48E24 /* libSchrodinger.a */; };
		DA4AF1D223DB1CED0041A35D /* View.swift in Sources */ = {isa = PBXBuildFile; fileRef = DA4AF1D123DB1CED0041A35D /* View.swift */; };
		DA4AF1D423DB2B1A0041A35D /* Wait.swift in Sources */ = {isa = PBXBuildFile; fileRef = DA4AF1D323DB2B1A0041A35D /* Wait.swift */; };
		DA4AF1D623DB2B470041A35D /* State.swift in Sources */ = {isa = PBXBuildFile; fileRef = DA4AF1D523DB2B470041A35D /* State.swift */; };
		DA4AF1D823DB2B9C0041A35D /* Play.swift in Sources */ = {isa = PBXBuildFile; fileRef = DA4AF1D723DB2B9C0041A35D /* Play.swift */; };
		DA5D13F223D25D47008E78D1 /* House_Bedroom.swift in Sources */ = {isa = PBXBuildFile; fileRef = DA5D13F123D25D47008E78D1 /* House_Bedroom.swift */; };
		DA628FA523D1BF0500F240AC /* Window.swift in Sources */ = {isa = PBXBuildFile; fileRef = DA628FA423D1BF0500F240AC /* Window.swift */; };
		DA73DE3823D1B6AE00E48E24 /* Assets.xcassets in Resources */ = {isa = PBXBuildFile; fileRef = DA73DE3123D1B6AE00E48E24 /* Assets.xcassets */; };
		DA73DE4223D1B7F700E48E24 /* Session.swift in Sources */ = {isa = PBXBuildFile; fileRef = DA73DE4123D1B7F700E48E24 /* Session.swift */; };
		DA73DE4523D1B8BC00E48E24 /* GameKit.framework in Frameworks */ = {isa = PBXBuildFile; fileRef = DA73DE4423D1B8BC00E48E24 /* GameKit.framework */; };
		DA73DE4723D1B9C400E48E24 /* App.swift in Sources */ = {isa = PBXBuildFile; fileRef = DA73DE4623D1B9C400E48E24 /* App.swift */; };
		DAF522F023D464A200BB0EDA /* Key.swift in Sources */ = {isa = PBXBuildFile; fileRef = DAF522EF23D464A200BB0EDA /* Key.swift */; };
/* End PBXBuildFile section */

/* Begin PBXContainerItemProxy section */
		DA4AF1CF23DB1C750041A35D /* PBXContainerItemProxy */ = {
			isa = PBXContainerItemProxy;
			containerPortal = DA73DDFD23D1B2F600E48E24 /* Project object */;
			proxyType = 1;
			remoteGlobalIDString = DA73DE0623D1B33400E48E24;
			remoteInfo = mac;
		};
/* End PBXContainerItemProxy section */

/* Begin PBXFileReference section */
		DA24877D23D857CC00BA265B /* Game.swift */ = {isa = PBXFileReference; lastKnownFileType = sourcecode.swift; path = Game.swift; sourceTree = "<group>"; };
		DA24877F23D8646B00BA265B /* Player.swift */ = {isa = PBXFileReference; lastKnownFileType = sourcecode.swift; path = Player.swift; sourceTree = "<group>"; };
		DA24878123D8682500BA265B /* Sprite.swift */ = {isa = PBXFileReference; lastKnownFileType = sourcecode.swift; path = Sprite.swift; sourceTree = "<group>"; };
		DA24878323D86CE200BA265B /* Control.swift */ = {isa = PBXFileReference; lastKnownFileType = sourcecode.swift; path = Control.swift; sourceTree = "<group>"; };
		DA24878523D870C400BA265B /* Stand.swift */ = {isa = PBXFileReference; lastKnownFileType = sourcecode.swift; path = Stand.swift; sourceTree = "<group>"; };
		DA2F75A823D9A080001519C6 /* Scene.swift */ = {isa = PBXFileReference; lastKnownFileType = sourcecode.swift; path = Scene.swift; sourceTree = "<group>"; };
		DA39DF2623D9DFB900A304F2 /* House_Bedroom.sks */ = {isa = PBXFileReference; lastKnownFileType = file.sks; path = House_Bedroom.sks; sourceTree = "<group>"; };
		DA39DF2823D9E09D00A304F2 /* Schrodinger.xcassets */ = {isa = PBXFileReference; lastKnownFileType = folder.assetcatalog; path = Schrodinger.xcassets; sourceTree = "<group>"; };
		DA39DF2A23D9E0CC00A304F2 /* House.xcassets */ = {isa = PBXFileReference; lastKnownFileType = folder.assetcatalog; path = House.xcassets; sourceTree = "<group>"; };
		DA39DF2C23D9E86A00A304F2 /* Tiles_House.sks */ = {isa = PBXFileReference; lastKnownFileType = file.sks; path = Tiles_House.sks; sourceTree = "<group>"; };
		DA4AF1C423DB17480041A35D /* House_Corridor.sks */ = {isa = PBXFileReference; lastKnownFileType = file.sks; path = House_Corridor.sks; sourceTree = "<group>"; };
		DA4AF1C623DB1A340041A35D /* House_Corridor.swift */ = {isa = PBXFileReference; lastKnownFileType = sourcecode.swift; path = House_Corridor.swift; sourceTree = "<group>"; };
		DA4AF1D123DB1CED0041A35D /* View.swift */ = {isa = PBXFileReference; lastKnownFileType = sourcecode.swift; path = View.swift; sourceTree = "<group>"; };
		DA4AF1D323DB2B1A0041A35D /* Wait.swift */ = {isa = PBXFileReference; lastKnownFileType = sourcecode.swift; path = Wait.swift; sourceTree = "<group>"; };
		DA4AF1D523DB2B470041A35D /* State.swift */ = {isa = PBXFileReference; lastKnownFileType = sourcecode.swift; path = State.swift; sourceTree = "<group>"; };
		DA4AF1D723DB2B9C0041A35D /* Play.swift */ = {isa = PBXFileReference; lastKnownFileType = sourcecode.swift; path = Play.swift; sourceTree = "<group>"; };
		DA5D13F123D25D47008E78D1 /* House_Bedroom.swift */ = {isa = PBXFileReference; lastKnownFileType = sourcecode.swift; path = House_Bedroom.swift; sourceTree = "<group>"; };
		DA628FA423D1BF0500F240AC /* Window.swift */ = {isa = PBXFileReference; lastKnownFileType = sourcecode.swift; path = Window.swift; sourceTree = "<group>"; };
		DA73DE2B23D1B68B00E48E24 /* .gitignore */ = {isa = PBXFileReference; lastKnownFileType = text; path = .gitignore; sourceTree = "<group>"; };
		DA73DE2C23D1B69F00E48E24 /* README.md */ = {isa = PBXFileReference; lastKnownFileType = net.daringfireball.markdown; path = README.md; sourceTree = "<group>"; };
		DA73DE2D23D1B69F00E48E24 /* LICENSE */ = {isa = PBXFileReference; lastKnownFileType = text; path = LICENSE; sourceTree = "<group>"; };
		DA73DE3023D1B6AE00E48E24 /* mac.entitlements */ = {isa = PBXFileReference; fileEncoding = 4; lastKnownFileType = text.plist.entitlements; path = mac.entitlements; sourceTree = "<group>"; };
		DA73DE3123D1B6AE00E48E24 /* Assets.xcassets */ = {isa = PBXFileReference; lastKnownFileType = folder.assetcatalog; path = Assets.xcassets; sourceTree = "<group>"; };
		DA73DE3523D1B6AE00E48E24 /* Info.plist */ = {isa = PBXFileReference; fileEncoding = 4; lastKnownFileType = text.plist.xml; path = Info.plist; sourceTree = "<group>"; };
		DA73DE3E23D1B70900E48E24 /* Schrodinger.app */ = {isa = PBXFileReference; explicitFileType = wrapper.application; includeInIndex = 0; path = Schrodinger.app; sourceTree = BUILT_PRODUCTS_DIR; };
		DA73DE3F23D1B78E00E48E24 /* libSchrodinger.a */ = {isa = PBXFileReference; explicitFileType = archive.ar; includeInIndex = 0; path = libSchrodinger.a; sourceTree = BUILT_PRODUCTS_DIR; };
		DA73DE4123D1B7F700E48E24 /* Session.swift */ = {isa = PBXFileReference; lastKnownFileType = sourcecode.swift; path = Session.swift; sourceTree = "<group>"; };
		DA73DE4423D1B8BC00E48E24 /* GameKit.framework */ = {isa = PBXFileReference; lastKnownFileType = wrapper.framework; name = GameKit.framework; path = System/Library/Frameworks/GameKit.framework; sourceTree = SDKROOT; };
		DA73DE4623D1B9C400E48E24 /* App.swift */ = {isa = PBXFileReference; lastKnownFileType = sourcecode.swift; path = App.swift; sourceTree = "<group>"; };
		DAF522EF23D464A200BB0EDA /* Key.swift */ = {isa = PBXFileReference; lastKnownFileType = sourcecode.swift; path = Key.swift; sourceTree = "<group>"; };
/* End PBXFileReference section */

/* Begin PBXFrameworksBuildPhase section */
		DA73DE0523D1B33400E48E24 /* Frameworks */ = {
			isa = PBXFrameworksBuildPhase;
			buildActionMask = 2147483647;
			files = (
			);
			runOnlyForDeploymentPostprocessing = 0;
		};
		DA73DE1223D1B49400E48E24 /* Frameworks */ = {
			isa = PBXFrameworksBuildPhase;
			buildActionMask = 2147483647;
			files = (
				DA4AF1CE23DB1C750041A35D /* libSchrodinger.a in Frameworks */,
				DA73DE4523D1B8BC00E48E24 /* GameKit.framework in Frameworks */,
			);
			runOnlyForDeploymentPostprocessing = 0;
		};
/* End PBXFrameworksBuildPhase section */

/* Begin PBXGroup section */
		DA39DF2323D9DBAC00A304F2 /* Shared */ = {
			isa = PBXGroup;
			children = (
				DA39DF2623D9DFB900A304F2 /* House_Bedroom.sks */,
				DA4AF1C423DB17480041A35D /* House_Corridor.sks */,
				DA39DF2C23D9E86A00A304F2 /* Tiles_House.sks */,
				DA24878323D86CE200BA265B /* Control.swift */,
				DA24877D23D857CC00BA265B /* Game.swift */,
				DA5D13F123D25D47008E78D1 /* House_Bedroom.swift */,
				DA4AF1C623DB1A340041A35D /* House_Corridor.swift */,
				DAF522EF23D464A200BB0EDA /* Key.swift */,
				DA4AF1D723DB2B9C0041A35D /* Play.swift */,
				DA24877F23D8646B00BA265B /* Player.swift */,
				DA2F75A823D9A080001519C6 /* Scene.swift */,
				DA24878123D8682500BA265B /* Sprite.swift */,
				DA24878523D870C400BA265B /* Stand.swift */,
				DA4AF1D523DB2B470041A35D /* State.swift */,
				DA4AF1D323DB2B1A0041A35D /* Wait.swift */,
				DA39DF2A23D9E0CC00A304F2 /* House.xcassets */,
				DA39DF2823D9E09D00A304F2 /* Schrodinger.xcassets */,
			);
			path = Shared;
			sourceTree = "<group>";
		};
		DA73DDFC23D1B2F600E48E24 = {
			isa = PBXGroup;
			children = (
				DA73DE2B23D1B68B00E48E24 /* .gitignore */,
				DA73DE2D23D1B69F00E48E24 /* LICENSE */,
				DA73DE3F23D1B78E00E48E24 /* libSchrodinger.a */,
				DA73DE3E23D1B70900E48E24 /* Schrodinger.app */,
				DA73DE2C23D1B69F00E48E24 /* README.md */,
				DA73DE4323D1B8BC00E48E24 /* Frameworks */,
				DA73DE4023D1B7C000E48E24 /* Library */,
				DA73DE2E23D1B6AE00E48E24 /* mac */,
				DA39DF2323D9DBAC00A304F2 /* Shared */,
			);
			sourceTree = "<group>";
		};
		DA73DE2E23D1B6AE00E48E24 /* mac */ = {
			isa = PBXGroup;
			children = (
				DA73DE3023D1B6AE00E48E24 /* mac.entitlements */,
				DA73DE3523D1B6AE00E48E24 /* Info.plist */,
				DA73DE4623D1B9C400E48E24 /* App.swift */,
				DA4AF1D123DB1CED0041A35D /* View.swift */,
				DA628FA423D1BF0500F240AC /* Window.swift */,
				DA73DE3123D1B6AE00E48E24 /* Assets.xcassets */,
			);
			path = mac;
			sourceTree = "<group>";
		};
		DA73DE4023D1B7C000E48E24 /* Library */ = {
			isa = PBXGroup;
			children = (
				DA73DE4123D1B7F700E48E24 /* Session.swift */,
			);
			path = Library;
			sourceTree = "<group>";
		};
		DA73DE4323D1B8BC00E48E24 /* Frameworks */ = {
			isa = PBXGroup;
			children = (
				DA73DE4423D1B8BC00E48E24 /* GameKit.framework */,
			);
			name = Frameworks;
			sourceTree = "<group>";
		};
/* End PBXGroup section */

/* Begin PBXHeadersBuildPhase section */
		DA73DE0323D1B33400E48E24 /* Headers */ = {
			isa = PBXHeadersBuildPhase;
			buildActionMask = 2147483647;
			files = (
			);
			runOnlyForDeploymentPostprocessing = 0;
		};
/* End PBXHeadersBuildPhase section */

/* Begin PBXNativeTarget section */
		DA73DE0623D1B33400E48E24 /* mac */ = {
			isa = PBXNativeTarget;
			buildConfigurationList = DA73DE0E23D1B33400E48E24 /* Build configuration list for PBXNativeTarget "mac" */;
			buildPhases = (
				DA73DE0323D1B33400E48E24 /* Headers */,
				DA73DE0423D1B33400E48E24 /* Sources */,
				DA73DE0523D1B33400E48E24 /* Frameworks */,
			);
			buildRules = (
			);
			dependencies = (
			);
			name = mac;
			productName = mac;
			productReference = DA73DE3F23D1B78E00E48E24 /* libSchrodinger.a */;
			productType = "com.apple.product-type.library.static";
		};
		DA73DE1423D1B49400E48E24 /* macApp */ = {
			isa = PBXNativeTarget;
			buildConfigurationList = DA73DE2823D1B49700E48E24 /* Build configuration list for PBXNativeTarget "macApp" */;
			buildPhases = (
				DA73DE1123D1B49400E48E24 /* Sources */,
				DA73DE1223D1B49400E48E24 /* Frameworks */,
				DA73DE1323D1B49400E48E24 /* Resources */,
			);
			buildRules = (
			);
			dependencies = (
				DA4AF1D023DB1C750041A35D /* PBXTargetDependency */,
			);
			name = macApp;
			productName = macApp;
			productReference = DA73DE3E23D1B70900E48E24 /* Schrodinger.app */;
			productType = "com.apple.product-type.application";
		};
/* End PBXNativeTarget section */

/* Begin PBXProject section */
		DA73DDFD23D1B2F600E48E24 /* Project object */ = {
			isa = PBXProject;
			attributes = {
				LastSwiftUpdateCheck = 1130;
				LastUpgradeCheck = 1130;
				TargetAttributes = {
					DA73DE0623D1B33400E48E24 = {
						CreatedOnToolsVersion = 11.3.1;
						LastSwiftMigration = 1130;
					};
					DA73DE1423D1B49400E48E24 = {
						CreatedOnToolsVersion = 11.3.1;
					};
				};
			};
			buildConfigurationList = DA73DE0023D1B2F600E48E24 /* Build configuration list for PBXProject "Schrodinger" */;
			compatibilityVersion = "Xcode 9.3";
			developmentRegion = en;
			hasScannedForEncodings = 0;
			knownRegions = (
				en,
				Base,
			);
			mainGroup = DA73DDFC23D1B2F600E48E24;
			productRefGroup = DA73DDFC23D1B2F600E48E24;
			projectDirPath = "";
			projectRoot = "";
			targets = (
				DA73DE0623D1B33400E48E24 /* mac */,
				DA73DE1423D1B49400E48E24 /* macApp */,
			);
		};
/* End PBXProject section */

/* Begin PBXResourcesBuildPhase section */
		DA73DE1323D1B49400E48E24 /* Resources */ = {
			isa = PBXResourcesBuildPhase;
			buildActionMask = 2147483647;
			files = (
				DA4AF1C523DB17480041A35D /* House_Corridor.sks in Resources */,
				DA73DE3823D1B6AE00E48E24 /* Assets.xcassets in Resources */,
				DA39DF2D23D9E86A00A304F2 /* Tiles_House.sks in Resources */,
				DA39DF2923D9E09D00A304F2 /* Schrodinger.xcassets in Resources */,
				DA39DF2B23D9E0CC00A304F2 /* House.xcassets in Resources */,
				DA39DF2723D9DFB900A304F2 /* House_Bedroom.sks in Resources */,
			);
			runOnlyForDeploymentPostprocessing = 0;
		};
/* End PBXResourcesBuildPhase section */

/* Begin PBXSourcesBuildPhase section */
		DA73DE0423D1B33400E48E24 /* Sources */ = {
			isa = PBXSourcesBuildPhase;
			buildActionMask = 2147483647;
			files = (
				DA73DE4223D1B7F700E48E24 /* Session.swift in Sources */,
			);
			runOnlyForDeploymentPostprocessing = 0;
		};
		DA73DE1123D1B49400E48E24 /* Sources */ = {
			isa = PBXSourcesBuildPhase;
			buildActionMask = 2147483647;
			files = (
				DA73DE4723D1B9C400E48E24 /* App.swift in Sources */,
				DA24878623D870C400BA265B /* Stand.swift in Sources */,
				DA4AF1C723DB1A340041A35D /* House_Corridor.swift in Sources */,
				DA2F75A923D9A080001519C6 /* Scene.swift in Sources */,
				DA24878423D86CE200BA265B /* Control.swift in Sources */,
				DA4AF1D623DB2B470041A35D /* State.swift in Sources */,
				DA24877E23D857CC00BA265B /* Game.swift in Sources */,
				DA4AF1D423DB2B1A0041A35D /* Wait.swift in Sources */,
				DAF522F023D464A200BB0EDA /* Key.swift in Sources */,
				DA5D13F223D25D47008E78D1 /* House_Bedroom.swift in Sources */,
				DA4AF1D223DB1CED0041A35D /* View.swift in Sources */,
				DA24878223D8682500BA265B /* Sprite.swift in Sources */,
				DA24878023D8646B00BA265B /* Player.swift in Sources */,
				DA628FA523D1BF0500F240AC /* Window.swift in Sources */,
				DA4AF1D823DB2B9C0041A35D /* Play.swift in Sources */,
			);
			runOnlyForDeploymentPostprocessing = 0;
		};
/* End PBXSourcesBuildPhase section */

/* Begin PBXTargetDependency section */
		DA4AF1D023DB1C750041A35D /* PBXTargetDependency */ = {
			isa = PBXTargetDependency;
			target = DA73DE0623D1B33400E48E24 /* mac */;
			targetProxy = DA4AF1CF23DB1C750041A35D /* PBXContainerItemProxy */;
		};
/* End PBXTargetDependency section */

/* Begin XCBuildConfiguration section */
		DA73DE0123D1B2F600E48E24 /* Debug */ = {
			isa = XCBuildConfiguration;
			buildSettings = {
				CLANG_ENABLE_MODULES = YES;
				DEBUG_INFORMATION_FORMAT = dwarf;
				GCC_OPTIMIZATION_LEVEL = 0;
				MACOSX_DEPLOYMENT_TARGET = 10.15;
				PRODUCT_NAME = Schrodinger;
				SWIFT_INSTALL_OBJC_HEADER = NO;
				SWIFT_OPTIMIZATION_LEVEL = "-Onone";
				SWIFT_VERSION = 5.0;
			};
			name = Debug;
		};
		DA73DE0223D1B2F600E48E24 /* Release */ = {
			isa = XCBuildConfiguration;
			buildSettings = {
				CLANG_ENABLE_MODULES = YES;
				DEBUG_INFORMATION_FORMAT = "dwarf-with-dsym";
				GCC_OPTIMIZATION_LEVEL = 3;
				MACOSX_DEPLOYMENT_TARGET = 10.15;
				PRODUCT_NAME = Schrodinger;
				SWIFT_COMPILATION_MODE = wholemodule;
				SWIFT_INSTALL_OBJC_HEADER = NO;
				SWIFT_VERSION = 5.0;
			};
			name = Release;
		};
		DA73DE0F23D1B33400E48E24 /* Debug */ = {
			isa = XCBuildConfiguration;
			buildSettings = {
				ALWAYS_SEARCH_USER_PATHS = NO;
				CLANG_ANALYZER_NONNULL = YES;
				CLANG_ANALYZER_NUMBER_OBJECT_CONVERSION = YES_AGGRESSIVE;
				CLANG_CXX_LANGUAGE_STANDARD = "gnu++14";
				CLANG_CXX_LIBRARY = "libc++";
				CLANG_ENABLE_OBJC_ARC = YES;
				CLANG_ENABLE_OBJC_WEAK = YES;
				CLANG_WARN_BLOCK_CAPTURE_AUTORELEASING = YES;
				CLANG_WARN_BOOL_CONVERSION = YES;
				CLANG_WARN_COMMA = YES;
				CLANG_WARN_CONSTANT_CONVERSION = YES;
				CLANG_WARN_DEPRECATED_OBJC_IMPLEMENTATIONS = YES;
				CLANG_WARN_DIRECT_OBJC_ISA_USAGE = YES_ERROR;
				CLANG_WARN_DOCUMENTATION_COMMENTS = YES;
				CLANG_WARN_EMPTY_BODY = YES;
				CLANG_WARN_ENUM_CONVERSION = YES;
				CLANG_WARN_INFINITE_RECURSION = YES;
				CLANG_WARN_INT_CONVERSION = YES;
				CLANG_WARN_NON_LITERAL_NULL_CONVERSION = YES;
				CLANG_WARN_OBJC_IMPLICIT_RETAIN_SELF = YES;
				CLANG_WARN_OBJC_LITERAL_CONVERSION = YES;
				CLANG_WARN_OBJC_ROOT_CLASS = YES_ERROR;
				CLANG_WARN_RANGE_LOOP_ANALYSIS = YES;
				CLANG_WARN_STRICT_PROTOTYPES = YES;
				CLANG_WARN_SUSPICIOUS_MOVE = YES;
				CLANG_WARN_UNGUARDED_AVAILABILITY = YES_AGGRESSIVE;
				CLANG_WARN_UNREACHABLE_CODE = YES;
				CLANG_WARN__DUPLICATE_METHOD_MATCH = YES;
				CODE_SIGN_STYLE = Automatic;
				COPY_PHASE_STRIP = NO;
				DEVELOPMENT_TEAM = 7AMWG3RLHN;
				ENABLE_STRICT_OBJC_MSGSEND = YES;
				ENABLE_TESTABILITY = YES;
				EXECUTABLE_PREFIX = lib;
				GCC_C_LANGUAGE_STANDARD = gnu11;
				GCC_DYNAMIC_NO_PIC = NO;
				GCC_NO_COMMON_BLOCKS = YES;
				GCC_PREPROCESSOR_DEFINITIONS = (
					"DEBUG=1",
					"$(inherited)",
				);
				GCC_WARN_64_TO_32_BIT_CONVERSION = YES;
				GCC_WARN_ABOUT_RETURN_TYPE = YES_ERROR;
				GCC_WARN_UNDECLARED_SELECTOR = YES;
				GCC_WARN_UNINITIALIZED_AUTOS = YES_AGGRESSIVE;
				GCC_WARN_UNUSED_FUNCTION = YES;
				GCC_WARN_UNUSED_VARIABLE = YES;
				LD_RUNPATH_SEARCH_PATHS = (
					"$(inherited)",
					"@executable_path/../Frameworks",
					"@loader_path/../Frameworks",
				);
				MTL_ENABLE_DEBUG_INFO = INCLUDE_SOURCE;
				MTL_FAST_MATH = YES;
				ONLY_ACTIVE_ARCH = YES;
				PRODUCT_MODULE_NAME = Library;
				SDKROOT = macosx;
				SKIP_INSTALL = YES;
			};
			name = Debug;
		};
		DA73DE1023D1B33400E48E24 /* Release */ = {
			isa = XCBuildConfiguration;
			buildSettings = {
				ALWAYS_SEARCH_USER_PATHS = NO;
				CLANG_ANALYZER_NONNULL = YES;
				CLANG_ANALYZER_NUMBER_OBJECT_CONVERSION = YES_AGGRESSIVE;
				CLANG_CXX_LANGUAGE_STANDARD = "gnu++14";
				CLANG_CXX_LIBRARY = "libc++";
				CLANG_ENABLE_OBJC_ARC = YES;
				CLANG_ENABLE_OBJC_WEAK = YES;
				CLANG_WARN_BLOCK_CAPTURE_AUTORELEASING = YES;
				CLANG_WARN_BOOL_CONVERSION = YES;
				CLANG_WARN_COMMA = YES;
				CLANG_WARN_CONSTANT_CONVERSION = YES;
				CLANG_WARN_DEPRECATED_OBJC_IMPLEMENTATIONS = YES;
				CLANG_WARN_DIRECT_OBJC_ISA_USAGE = YES_ERROR;
				CLANG_WARN_DOCUMENTATION_COMMENTS = YES;
				CLANG_WARN_EMPTY_BODY = YES;
				CLANG_WARN_ENUM_CONVERSION = YES;
				CLANG_WARN_INFINITE_RECURSION = YES;
				CLANG_WARN_INT_CONVERSION = YES;
				CLANG_WARN_NON_LITERAL_NULL_CONVERSION = YES;
				CLANG_WARN_OBJC_IMPLICIT_RETAIN_SELF = YES;
				CLANG_WARN_OBJC_LITERAL_CONVERSION = YES;
				CLANG_WARN_OBJC_ROOT_CLASS = YES_ERROR;
				CLANG_WARN_RANGE_LOOP_ANALYSIS = YES;
				CLANG_WARN_STRICT_PROTOTYPES = YES;
				CLANG_WARN_SUSPICIOUS_MOVE = YES;
				CLANG_WARN_UNGUARDED_AVAILABILITY = YES_AGGRESSIVE;
				CLANG_WARN_UNREACHABLE_CODE = YES;
				CLANG_WARN__DUPLICATE_METHOD_MATCH = YES;
				CODE_SIGN_STYLE = Automatic;
				COPY_PHASE_STRIP = NO;
				DEVELOPMENT_TEAM = 7AMWG3RLHN;
				ENABLE_NS_ASSERTIONS = NO;
				ENABLE_STRICT_OBJC_MSGSEND = YES;
				EXECUTABLE_PREFIX = lib;
				GCC_C_LANGUAGE_STANDARD = gnu11;
				GCC_NO_COMMON_BLOCKS = YES;
				GCC_WARN_64_TO_32_BIT_CONVERSION = YES;
				GCC_WARN_ABOUT_RETURN_TYPE = YES_ERROR;
				GCC_WARN_UNDECLARED_SELECTOR = YES;
				GCC_WARN_UNINITIALIZED_AUTOS = YES_AGGRESSIVE;
				GCC_WARN_UNUSED_FUNCTION = YES;
				GCC_WARN_UNUSED_VARIABLE = YES;
				LD_RUNPATH_SEARCH_PATHS = (
					"$(inherited)",
					"@executable_path/../Frameworks",
					"@loader_path/../Frameworks",
				);
				MTL_ENABLE_DEBUG_INFO = NO;
				MTL_FAST_MATH = YES;
				PRODUCT_MODULE_NAME = Library;
				SDKROOT = macosx;
				SKIP_INSTALL = YES;
			};
			name = Release;
		};
		DA73DE2923D1B49700E48E24 /* Debug */ = {
			isa = XCBuildConfiguration;
			buildSettings = {
				ALWAYS_SEARCH_USER_PATHS = NO;
				ASSETCATALOG_COMPILER_APPICON_NAME = AppIcon;
				CLANG_ANALYZER_NONNULL = YES;
				CLANG_ANALYZER_NUMBER_OBJECT_CONVERSION = YES_AGGRESSIVE;
				CLANG_CXX_LANGUAGE_STANDARD = "gnu++14";
				CLANG_CXX_LIBRARY = "libc++";
				CLANG_ENABLE_OBJC_ARC = YES;
				CLANG_ENABLE_OBJC_WEAK = YES;
				CLANG_WARN_BLOCK_CAPTURE_AUTORELEASING = YES;
				CLANG_WARN_BOOL_CONVERSION = YES;
				CLANG_WARN_COMMA = YES;
				CLANG_WARN_CONSTANT_CONVERSION = YES;
				CLANG_WARN_DEPRECATED_OBJC_IMPLEMENTATIONS = YES;
				CLANG_WARN_DIRECT_OBJC_ISA_USAGE = YES_ERROR;
				CLANG_WARN_DOCUMENTATION_COMMENTS = YES;
				CLANG_WARN_EMPTY_BODY = YES;
				CLANG_WARN_ENUM_CONVERSION = YES;
				CLANG_WARN_INFINITE_RECURSION = YES;
				CLANG_WARN_INT_CONVERSION = YES;
				CLANG_WARN_NON_LITERAL_NULL_CONVERSION = YES;
				CLANG_WARN_OBJC_IMPLICIT_RETAIN_SELF = YES;
				CLANG_WARN_OBJC_LITERAL_CONVERSION = YES;
				CLANG_WARN_OBJC_ROOT_CLASS = YES_ERROR;
				CLANG_WARN_RANGE_LOOP_ANALYSIS = YES;
				CLANG_WARN_STRICT_PROTOTYPES = YES;
				CLANG_WARN_SUSPICIOUS_MOVE = YES;
				CLANG_WARN_UNGUARDED_AVAILABILITY = YES_AGGRESSIVE;
				CLANG_WARN_UNREACHABLE_CODE = YES;
				CLANG_WARN__DUPLICATE_METHOD_MATCH = YES;
				CODE_SIGN_ENTITLEMENTS = mac/mac.entitlements;
				CODE_SIGN_STYLE = Automatic;
				COMBINE_HIDPI_IMAGES = YES;
				COPY_PHASE_STRIP = NO;
				DEVELOPMENT_TEAM = 7AMWG3RLHN;
				ENABLE_HARDENED_RUNTIME = YES;
				ENABLE_STRICT_OBJC_MSGSEND = YES;
				ENABLE_TESTABILITY = YES;
				GCC_C_LANGUAGE_STANDARD = gnu11;
				GCC_DYNAMIC_NO_PIC = NO;
				GCC_NO_COMMON_BLOCKS = YES;
				GCC_PREPROCESSOR_DEFINITIONS = (
					"DEBUG=1",
					"$(inherited)",
				);
				GCC_WARN_64_TO_32_BIT_CONVERSION = YES;
				GCC_WARN_ABOUT_RETURN_TYPE = YES_ERROR;
				GCC_WARN_UNDECLARED_SELECTOR = YES;
				GCC_WARN_UNINITIALIZED_AUTOS = YES_AGGRESSIVE;
				GCC_WARN_UNUSED_FUNCTION = YES;
				GCC_WARN_UNUSED_VARIABLE = YES;
				INFOPLIST_FILE = mac/Info.plist;
				LD_RUNPATH_SEARCH_PATHS = (
					"$(inherited)",
					"@executable_path/../Frameworks",
				);
				MTL_ENABLE_DEBUG_INFO = INCLUDE_SOURCE;
				MTL_FAST_MATH = YES;
				ONLY_ACTIVE_ARCH = YES;
				PRODUCT_BUNDLE_IDENTIFIER = Schrodinger.mac;
				SDKROOT = macosx;
				SWIFT_ACTIVE_COMPILATION_CONDITIONS = DEBUG;
				SWIFT_OPTIMIZATION_LEVEL = "-Onone";
			};
			name = Debug;
		};
		DA73DE2A23D1B49700E48E24 /* Release */ = {
			isa = XCBuildConfiguration;
			buildSettings = {
				ALWAYS_SEARCH_USER_PATHS = NO;
				ASSETCATALOG_COMPILER_APPICON_NAME = AppIcon;
				CLANG_ANALYZER_NONNULL = YES;
				CLANG_ANALYZER_NUMBER_OBJECT_CONVERSION = YES_AGGRESSIVE;
				CLANG_CXX_LANGUAGE_STANDARD = "gnu++14";
				CLANG_CXX_LIBRARY = "libc++";
				CLANG_ENABLE_OBJC_ARC = YES;
				CLANG_ENABLE_OBJC_WEAK = YES;
				CLANG_WARN_BLOCK_CAPTURE_AUTORELEASING = YES;
				CLANG_WARN_BOOL_CONVERSION = YES;
				CLANG_WARN_COMMA = YES;
				CLANG_WARN_CONSTANT_CONVERSION = YES;
				CLANG_WARN_DEPRECATED_OBJC_IMPLEMENTATIONS = YES;
				CLANG_WARN_DIRECT_OBJC_ISA_USAGE = YES_ERROR;
				CLANG_WARN_DOCUMENTATION_COMMENTS = YES;
				CLANG_WARN_EMPTY_BODY = YES;
				CLANG_WARN_ENUM_CONVERSION = YES;
				CLANG_WARN_INFINITE_RECURSION = YES;
				CLANG_WARN_INT_CONVERSION = YES;
				CLANG_WARN_NON_LITERAL_NULL_CONVERSION = YES;
				CLANG_WARN_OBJC_IMPLICIT_RETAIN_SELF = YES;
				CLANG_WARN_OBJC_LITERAL_CONVERSION = YES;
				CLANG_WARN_OBJC_ROOT_CLASS = YES_ERROR;
				CLANG_WARN_RANGE_LOOP_ANALYSIS = YES;
				CLANG_WARN_STRICT_PROTOTYPES = YES;
				CLANG_WARN_SUSPICIOUS_MOVE = YES;
				CLANG_WARN_UNGUARDED_AVAILABILITY = YES_AGGRESSIVE;
				CLANG_WARN_UNREACHABLE_CODE = YES;
				CLANG_WARN__DUPLICATE_METHOD_MATCH = YES;
				CODE_SIGN_ENTITLEMENTS = mac/mac.entitlements;
				CODE_SIGN_STYLE = Automatic;
				COMBINE_HIDPI_IMAGES = YES;
				COPY_PHASE_STRIP = NO;
				DEVELOPMENT_TEAM = 7AMWG3RLHN;
				ENABLE_HARDENED_RUNTIME = YES;
				ENABLE_NS_ASSERTIONS = NO;
				ENABLE_STRICT_OBJC_MSGSEND = YES;
				GCC_C_LANGUAGE_STANDARD = gnu11;
				GCC_NO_COMMON_BLOCKS = YES;
				GCC_WARN_64_TO_32_BIT_CONVERSION = YES;
				GCC_WARN_ABOUT_RETURN_TYPE = YES_ERROR;
				GCC_WARN_UNDECLARED_SELECTOR = YES;
				GCC_WARN_UNINITIALIZED_AUTOS = YES_AGGRESSIVE;
				GCC_WARN_UNUSED_FUNCTION = YES;
				GCC_WARN_UNUSED_VARIABLE = YES;
				INFOPLIST_FILE = mac/Info.plist;
				LD_RUNPATH_SEARCH_PATHS = (
					"$(inherited)",
					"@executable_path/../Frameworks",
				);
				MTL_ENABLE_DEBUG_INFO = NO;
				MTL_FAST_MATH = YES;
				PRODUCT_BUNDLE_IDENTIFIER = Schrodinger.mac;
				SDKROOT = macosx;
				SWIFT_OPTIMIZATION_LEVEL = "-O";
			};
			name = Release;
		};
/* End XCBuildConfiguration section */

/* Begin XCConfigurationList section */
		DA73DE0023D1B2F600E48E24 /* Build configuration list for PBXProject "Schrodinger" */ = {
			isa = XCConfigurationList;
			buildConfigurations = (
				DA73DE0123D1B2F600E48E24 /* Debug */,
				DA73DE0223D1B2F600E48E24 /* Release */,
			);
			defaultConfigurationIsVisible = 0;
			defaultConfigurationName = Release;
		};
		DA73DE0E23D1B33400E48E24 /* Build configuration list for PBXNativeTarget "mac" */ = {
			isa = XCConfigurationList;
			buildConfigurations = (
				DA73DE0F23D1B33400E48E24 /* Debug */,
				DA73DE1023D1B33400E48E24 /* Release */,
			);
			defaultConfigurationIsVisible = 0;
			defaultConfigurationName = Release;
		};
		DA73DE2823D1B49700E48E24 /* Build configuration list for PBXNativeTarget "macApp" */ = {
			isa = XCConfigurationList;
			buildConfigurations = (
				DA73DE2923D1B49700E48E24 /* Debug */,
				DA73DE2A23D1B49700E48E24 /* Release */,
			);
			defaultConfigurationIsVisible = 0;
			defaultConfigurationName = Release;
		};
/* End XCConfigurationList section */
	};
	rootObject = DA73DDFD23D1B2F600E48E24 /* Project object */;
}
