// !$*UTF8*$!
{
	archiveVersion = 1;
	classes = {
	};
	objectVersion = 50;
	objects = {

/* Begin PBXGroup section */
		DA73DDFC23D1B2F600E48E24 = {
			isa = PBXGroup;
			children = (
			);
			sourceTree = "<group>";
		};
/* End PBXGroup section */

/* Begin PBXProject section */
		DA73DDFD23D1B2F600E48E24 /* Project object */ = {
			isa = PBXProject;
			attributes = {
				LastUpgradeCheck = 1130;
			};
			buildConfigurationList = DA73DE0023D1B2F600E48E24 /* Build configuration list for PBXProject "Schrodinger" */;
			compatibilityVersion = "Xcode 9.3";
			developmentRegion = en;
			hasScannedForEncodings = 0;
			knownRegions = (
				en,
				Base,
			);
			mainGroup = DA73DDFC23D1B2F600E48E24;
			projectDirPath = "";
			projectRoot = "";
			targets = (
			);
		};
/* End PBXProject section */

/* Begin XCBuildConfiguration section */
		DA73DE0123D1B2F600E48E24 /* Debug */ = {
			isa = XCBuildConfiguration;
			buildSettings = {
			};
			name = Debug;
		};
		DA73DE0223D1B2F600E48E24 /* Release */ = {
			isa = XCBuildConfiguration;
			buildSettings = {
			};
			name = Release;
		};
/* End XCBuildConfiguration section */

/* Begin XCConfigurationList section */
		DA73DE0023D1B2F600E48E24 /* Build configuration list for PBXProject "Schrodinger" */ = {
			isa = XCConfigurationList;
			buildConfigurations = (
				DA73DE0123D1B2F600E48E24 /* Debug */,
				DA73DE0223D1B2F600E48E24 /* Release */,
			);
			defaultConfigurationIsVisible = 0;
			defaultConfigurationName = Release;
		};
/* End XCConfigurationList section */
	};
	rootObject = DA73DDFD23D1B2F600E48E24 /* Project object */;
}
