// !$*UTF8*$!
{
	archiveVersion = 1;
	classes = {
	};
	objectVersion = 50;
	objects = {

/* Begin PBXBuildFile section */
		CE18CD6123F013EE00A2317C /* Items.xcassets in Resources */ = {isa = PBXBuildFile; fileRef = CE18CD6023F013EE00A2317C /* Items.xcassets */; };
		CE18CD6323F01A3900A2317C /* NpcWalk.swift in Sources */ = {isa = PBXBuildFile; fileRef = CE18CD6223F01A3900A2317C /* NpcWalk.swift */; };
		CE28283923EEFC87001769E8 /* Npc.xcassets in Resources */ = {isa = PBXBuildFile; fileRef = CE28283823EEFC87001769E8 /* Npc.xcassets */; };
		CE28283B23EF00BB001769E8 /* House_Drawingroom.sks in Resources */ = {isa = PBXBuildFile; fileRef = CE28283A23EF00BB001769E8 /* House_Drawingroom.sks */; };
		CE28283D23EF00CB001769E8 /* House_Drawingroom.swift in Sources */ = {isa = PBXBuildFile; fileRef = CE28283C23EF00CB001769E8 /* House_Drawingroom.swift */; };
		DA0057E023E80738008B0CA0 /* Item.swift in Sources */ = {isa = PBXBuildFile; fileRef = DA0057DF23E80738008B0CA0 /* Item.swift */; };
		DA03C7CD23E2E39E009A5F90 /* DarknessNode.swift in Sources */ = {isa = PBXBuildFile; fileRef = DA03C7CC23E2E39E009A5F90 /* DarknessNode.swift */; };
		DA03C7CF23E2E9B4009A5F90 /* Color.swift in Sources */ = {isa = PBXBuildFile; fileRef = DA03C7CE23E2E9B4009A5F90 /* Color.swift */; };
		DA09802B23DEE9AC007CC607 /* Entry.swift in Sources */ = {isa = PBXBuildFile; fileRef = DA09802A23DEE9AC007CC607 /* Entry.swift */; };
		DA09802D23DEFAEA007CC607 /* SKLabelNode.swift in Sources */ = {isa = PBXBuildFile; fileRef = DA09802C23DEFAEA007CC607 /* SKLabelNode.swift */; };
		DA09803723DF026C007CC607 /* StartScene.swift in Sources */ = {isa = PBXBuildFile; fileRef = DA09803623DF026C007CC607 /* StartScene.swift */; };
		DA09803B23DF064E007CC607 /* String.swift in Sources */ = {isa = PBXBuildFile; fileRef = DA09803A23DF064E007CC607 /* String.swift */; };
		DA09803E23DF068E007CC607 /* Localizable.strings in Resources */ = {isa = PBXBuildFile; fileRef = DA09803C23DF068E007CC607 /* Localizable.strings */; };
		DA09804023DF1E4C007CC607 /* StartState.swift in Sources */ = {isa = PBXBuildFile; fileRef = DA09803F23DF1E4C007CC607 /* StartState.swift */; };
		DA0B01C123E03E2600D2875E /* LocationId.swift in Sources */ = {isa = PBXBuildFile; fileRef = DA0B01BF23E03D3D00D2875E /* LocationId.swift */; };
		DA24877E23D857CC00BA265B /* Game.swift in Sources */ = {isa = PBXBuildFile; fileRef = DA24877D23D857CC00BA265B /* Game.swift */; };
		DA24878023D8646B00BA265B /* PlayerWalk.swift in Sources */ = {isa = PBXBuildFile; fileRef = DA24877F23D8646B00BA265B /* PlayerWalk.swift */; };
		DA24878223D8682500BA265B /* SpriteWalk.swift in Sources */ = {isa = PBXBuildFile; fileRef = DA24878123D8682500BA265B /* SpriteWalk.swift */; };
		DA24878423D86CE200BA265B /* ControlWalk.swift in Sources */ = {isa = PBXBuildFile; fileRef = DA24878323D86CE200BA265B /* ControlWalk.swift */; };
		DA2F75A923D9A080001519C6 /* WalkScene.swift in Sources */ = {isa = PBXBuildFile; fileRef = DA2F75A823D9A080001519C6 /* WalkScene.swift */; };
		DA352C0F23E1BF0F006AF887 /* MenuScene.swift in Sources */ = {isa = PBXBuildFile; fileRef = DA352C0E23E1BF0F006AF887 /* MenuScene.swift */; };
		DA352C1123E1C1CE006AF887 /* MenuState.swift in Sources */ = {isa = PBXBuildFile; fileRef = DA352C1023E1C1CE006AF887 /* MenuState.swift */; };
		DA39DF2723D9DFB900A304F2 /* House_Bedroom.sks in Resources */ = {isa = PBXBuildFile; fileRef = DA39DF2623D9DFB900A304F2 /* House_Bedroom.sks */; };
		DA39DF2923D9E09D00A304F2 /* Schrodinger.xcassets in Resources */ = {isa = PBXBuildFile; fileRef = DA39DF2823D9E09D00A304F2 /* Schrodinger.xcassets */; };
		DA39DF2B23D9E0CC00A304F2 /* House.xcassets in Resources */ = {isa = PBXBuildFile; fileRef = DA39DF2A23D9E0CC00A304F2 /* House.xcassets */; };
		DA39DF2D23D9E86A00A304F2 /* Tiles_House.sks in Resources */ = {isa = PBXBuildFile; fileRef = DA39DF2C23D9E86A00A304F2 /* Tiles_House.sks */; };
		DA4AF1C523DB17480041A35D /* House_Corridor.sks in Resources */ = {isa = PBXBuildFile; fileRef = DA4AF1C423DB17480041A35D /* House_Corridor.sks */; };
		DA4AF1C723DB1A340041A35D /* House_Corridor.swift in Sources */ = {isa = PBXBuildFile; fileRef = DA4AF1C623DB1A340041A35D /* House_Corridor.swift */; };
		DA4AF1CE23DB1C750041A35D /* libSchrodinger.a in Frameworks */ = {isa = PBXBuildFile; fileRef = DA73DE3F23D1B78E00E48E24 /* libSchrodinger.a */; };
		DA4AF1D223DB1CED0041A35D /* View.swift in Sources */ = {isa = PBXBuildFile; fileRef = DA4AF1D123DB1CED0041A35D /* View.swift */; };
		DA4AF1D623DB2B470041A35D /* State.swift in Sources */ = {isa = PBXBuildFile; fileRef = DA4AF1D523DB2B470041A35D /* State.swift */; };
		DA4AF1D823DB2B9C0041A35D /* WalkState.swift in Sources */ = {isa = PBXBuildFile; fileRef = DA4AF1D723DB2B9C0041A35D /* WalkState.swift */; };
		DA52310C23E06F59005BAC2B /* ItemId.swift in Sources */ = {isa = PBXBuildFile; fileRef = DA52310B23E06F59005BAC2B /* ItemId.swift */; };
		DA52310E23E071E4005BAC2B /* Dialog.swift in Sources */ = {isa = PBXBuildFile; fileRef = DA52310D23E071E4005BAC2B /* Dialog.swift */; };
		DA52311023E0726D005BAC2B /* TestDialog.swift in Sources */ = {isa = PBXBuildFile; fileRef = DA52310F23E0726D005BAC2B /* TestDialog.swift */; };
		DA5D13F223D25D47008E78D1 /* House_Bedroom.swift in Sources */ = {isa = PBXBuildFile; fileRef = DA5D13F123D25D47008E78D1 /* House_Bedroom.swift */; };
		DA628FA523D1BF0500F240AC /* Window.swift in Sources */ = {isa = PBXBuildFile; fileRef = DA628FA423D1BF0500F240AC /* Window.swift */; };
		DA73479723E575B200C70214 /* InventoryScene.swift in Sources */ = {isa = PBXBuildFile; fileRef = DA73479623E575B200C70214 /* InventoryScene.swift */; };
		DA73479923E5763400C70214 /* InventoryState.swift in Sources */ = {isa = PBXBuildFile; fileRef = DA73479823E5763400C70214 /* InventoryState.swift */; };
		DA73DE3823D1B6AE00E48E24 /* Assets.xcassets in Resources */ = {isa = PBXBuildFile; fileRef = DA73DE3123D1B6AE00E48E24 /* Assets.xcassets */; };
		DA73DE4223D1B7F700E48E24 /* Memory.swift in Sources */ = {isa = PBXBuildFile; fileRef = DA73DE4123D1B7F700E48E24 /* Memory.swift */; };
		DA73DE4523D1B8BC00E48E24 /* GameKit.framework in Frameworks */ = {isa = PBXBuildFile; fileRef = DA73DE4423D1B8BC00E48E24 /* GameKit.framework */; };
		DA73DE4723D1B9C400E48E24 /* App.swift in Sources */ = {isa = PBXBuildFile; fileRef = DA73DE4623D1B9C400E48E24 /* App.swift */; };
		DAB832EC23E478E600BBC4AD /* Direction.swift in Sources */ = {isa = PBXBuildFile; fileRef = DAF522EF23D464A200BB0EDA /* Direction.swift */; };
		DAD7B94223DDBA7300C483EC /* Action.swift in Sources */ = {isa = PBXBuildFile; fileRef = DAD7B94123DDBA7300C483EC /* Action.swift */; };
		DAD7B94423DDCC3000C483EC /* UI.xcassets in Resources */ = {isa = PBXBuildFile; fileRef = DAD7B94323DDCC3000C483EC /* UI.xcassets */; };
		DAD7B94623DDCE2400C483EC /* DialogState.swift in Sources */ = {isa = PBXBuildFile; fileRef = DAD7B94523DDCE2400C483EC /* DialogState.swift */; };
		DAD7B94823DDD4BB00C483EC /* DialogNode.swift in Sources */ = {isa = PBXBuildFile; fileRef = DAD7B94723DDD4BB00C483EC /* DialogNode.swift */; };
		DAE28BD023DEE58A005B7BB7 /* TestMemory.swift in Sources */ = {isa = PBXBuildFile; fileRef = DAE28BCF23DEE58A005B7BB7 /* TestMemory.swift */; };
		DAE28BD223DEE58A005B7BB7 /* libSchrodinger.a in Frameworks */ = {isa = PBXBuildFile; fileRef = DA73DE3F23D1B78E00E48E24 /* libSchrodinger.a */; };
		DAEB746A23DEDAEF0021951B /* PressStart2P-Regular.ttf in Resources */ = {isa = PBXBuildFile; fileRef = DAEB746923DEDAEF0021951B /* PressStart2P-Regular.ttf */; };
		DAFEBFAA23E19A3A00E64093 /* UnboxState.swift in Sources */ = {isa = PBXBuildFile; fileRef = DAFEBFA923E19A3A00E64093 /* UnboxState.swift */; };
/* End PBXBuildFile section */

/* Begin PBXContainerItemProxy section */
		DA4AF1CF23DB1C750041A35D /* PBXContainerItemProxy */ = {
			isa = PBXContainerItemProxy;
			containerPortal = DA73DDFD23D1B2F600E48E24 /* Project object */;
			proxyType = 1;
			remoteGlobalIDString = DA73DE0623D1B33400E48E24;
			remoteInfo = mac;
		};
		DAE28BD323DEE58A005B7BB7 /* PBXContainerItemProxy */ = {
			isa = PBXContainerItemProxy;
			containerPortal = DA73DDFD23D1B2F600E48E24 /* Project object */;
			proxyType = 1;
			remoteGlobalIDString = DA73DE0623D1B33400E48E24;
			remoteInfo = mac;
		};
/* End PBXContainerItemProxy section */

/* Begin PBXFileReference section */
		CE18CD6023F013EE00A2317C /* Items.xcassets */ = {isa = PBXFileReference; lastKnownFileType = folder.assetcatalog; path = Items.xcassets; sourceTree = "<group>"; };
		CE18CD6223F01A3900A2317C /* NpcWalk.swift */ = {isa = PBXFileReference; lastKnownFileType = sourcecode.swift; path = NpcWalk.swift; sourceTree = "<group>"; };
		CE28283823EEFC87001769E8 /* Npc.xcassets */ = {isa = PBXFileReference; lastKnownFileType = folder.assetcatalog; path = Npc.xcassets; sourceTree = "<group>"; };
		CE28283A23EF00BB001769E8 /* House_Drawingroom.sks */ = {isa = PBXFileReference; lastKnownFileType = file.sks; path = House_Drawingroom.sks; sourceTree = "<group>"; };
		CE28283C23EF00CB001769E8 /* House_Drawingroom.swift */ = {isa = PBXFileReference; lastKnownFileType = sourcecode.swift; path = House_Drawingroom.swift; sourceTree = "<group>"; };
		DA0057DF23E80738008B0CA0 /* Item.swift */ = {isa = PBXFileReference; lastKnownFileType = sourcecode.swift; path = Item.swift; sourceTree = "<group>"; };
		DA03C7CC23E2E39E009A5F90 /* DarknessNode.swift */ = {isa = PBXFileReference; lastKnownFileType = sourcecode.swift; path = DarknessNode.swift; sourceTree = "<group>"; };
		DA03C7CE23E2E9B4009A5F90 /* Color.swift */ = {isa = PBXFileReference; lastKnownFileType = sourcecode.swift; path = Color.swift; sourceTree = "<group>"; };
		DA09802A23DEE9AC007CC607 /* Entry.swift */ = {isa = PBXFileReference; lastKnownFileType = sourcecode.swift; path = Entry.swift; sourceTree = "<group>"; };
		DA09802C23DEFAEA007CC607 /* SKLabelNode.swift */ = {isa = PBXFileReference; lastKnownFileType = sourcecode.swift; path = SKLabelNode.swift; sourceTree = "<group>"; };
		DA09803623DF026C007CC607 /* StartScene.swift */ = {isa = PBXFileReference; lastKnownFileType = sourcecode.swift; path = StartScene.swift; sourceTree = "<group>"; };
		DA09803A23DF064E007CC607 /* String.swift */ = {isa = PBXFileReference; lastKnownFileType = sourcecode.swift; path = String.swift; sourceTree = "<group>"; };
		DA09803D23DF068E007CC607 /* Base */ = {isa = PBXFileReference; lastKnownFileType = text.plist.strings; name = Base; path = Base.lproj/Localizable.strings; sourceTree = "<group>"; };
		DA09803F23DF1E4C007CC607 /* StartState.swift */ = {isa = PBXFileReference; lastKnownFileType = sourcecode.swift; path = StartState.swift; sourceTree = "<group>"; };
		DA0B01BF23E03D3D00D2875E /* LocationId.swift */ = {isa = PBXFileReference; lastKnownFileType = sourcecode.swift; path = LocationId.swift; sourceTree = "<group>"; };
		DA24877D23D857CC00BA265B /* Game.swift */ = {isa = PBXFileReference; lastKnownFileType = sourcecode.swift; path = Game.swift; sourceTree = "<group>"; };
		DA24877F23D8646B00BA265B /* PlayerWalk.swift */ = {isa = PBXFileReference; lastKnownFileType = sourcecode.swift; path = PlayerWalk.swift; sourceTree = "<group>"; };
		DA24878123D8682500BA265B /* SpriteWalk.swift */ = {isa = PBXFileReference; lastKnownFileType = sourcecode.swift; path = SpriteWalk.swift; sourceTree = "<group>"; };
		DA24878323D86CE200BA265B /* ControlWalk.swift */ = {isa = PBXFileReference; lastKnownFileType = sourcecode.swift; path = ControlWalk.swift; sourceTree = "<group>"; };
		DA2F75A823D9A080001519C6 /* WalkScene.swift */ = {isa = PBXFileReference; lastKnownFileType = sourcecode.swift; path = WalkScene.swift; sourceTree = "<group>"; };
		DA352C0E23E1BF0F006AF887 /* MenuScene.swift */ = {isa = PBXFileReference; lastKnownFileType = sourcecode.swift; path = MenuScene.swift; sourceTree = "<group>"; };
		DA352C1023E1C1CE006AF887 /* MenuState.swift */ = {isa = PBXFileReference; lastKnownFileType = sourcecode.swift; path = MenuState.swift; sourceTree = "<group>"; };
		DA39DF2623D9DFB900A304F2 /* House_Bedroom.sks */ = {isa = PBXFileReference; lastKnownFileType = file.sks; path = House_Bedroom.sks; sourceTree = "<group>"; };
		DA39DF2823D9E09D00A304F2 /* Schrodinger.xcassets */ = {isa = PBXFileReference; lastKnownFileType = folder.assetcatalog; path = Schrodinger.xcassets; sourceTree = "<group>"; };
		DA39DF2A23D9E0CC00A304F2 /* House.xcassets */ = {isa = PBXFileReference; lastKnownFileType = folder.assetcatalog; path = House.xcassets; sourceTree = "<group>"; };
		DA39DF2C23D9E86A00A304F2 /* Tiles_House.sks */ = {isa = PBXFileReference; lastKnownFileType = file.sks; path = Tiles_House.sks; sourceTree = "<group>"; };
		DA4AF1C423DB17480041A35D /* House_Corridor.sks */ = {isa = PBXFileReference; lastKnownFileType = file.sks; path = House_Corridor.sks; sourceTree = "<group>"; };
		DA4AF1C623DB1A340041A35D /* House_Corridor.swift */ = {isa = PBXFileReference; lastKnownFileType = sourcecode.swift; path = House_Corridor.swift; sourceTree = "<group>"; };
		DA4AF1D123DB1CED0041A35D /* View.swift */ = {isa = PBXFileReference; lastKnownFileType = sourcecode.swift; path = View.swift; sourceTree = "<group>"; };
		DA4AF1D523DB2B470041A35D /* State.swift */ = {isa = PBXFileReference; lastKnownFileType = sourcecode.swift; path = State.swift; sourceTree = "<group>"; };
		DA4AF1D723DB2B9C0041A35D /* WalkState.swift */ = {isa = PBXFileReference; lastKnownFileType = sourcecode.swift; path = WalkState.swift; sourceTree = "<group>"; };
		DA52310B23E06F59005BAC2B /* ItemId.swift */ = {isa = PBXFileReference; lastKnownFileType = sourcecode.swift; path = ItemId.swift; sourceTree = "<group>"; };
		DA52310D23E071E4005BAC2B /* Dialog.swift */ = {isa = PBXFileReference; lastKnownFileType = sourcecode.swift; path = Dialog.swift; sourceTree = "<group>"; };
		DA52310F23E0726D005BAC2B /* TestDialog.swift */ = {isa = PBXFileReference; lastKnownFileType = sourcecode.swift; path = TestDialog.swift; sourceTree = "<group>"; };
		DA5D13F123D25D47008E78D1 /* House_Bedroom.swift */ = {isa = PBXFileReference; lastKnownFileType = sourcecode.swift; path = House_Bedroom.swift; sourceTree = "<group>"; };
		DA628FA423D1BF0500F240AC /* Window.swift */ = {isa = PBXFileReference; lastKnownFileType = sourcecode.swift; path = Window.swift; sourceTree = "<group>"; };
		DA73479623E575B200C70214 /* InventoryScene.swift */ = {isa = PBXFileReference; lastKnownFileType = sourcecode.swift; path = InventoryScene.swift; sourceTree = "<group>"; };
		DA73479823E5763400C70214 /* InventoryState.swift */ = {isa = PBXFileReference; lastKnownFileType = sourcecode.swift; path = InventoryState.swift; sourceTree = "<group>"; };
		DA73DE2B23D1B68B00E48E24 /* .gitignore */ = {isa = PBXFileReference; lastKnownFileType = text; path = .gitignore; sourceTree = "<group>"; };
		DA73DE2C23D1B69F00E48E24 /* README.md */ = {isa = PBXFileReference; lastKnownFileType = net.daringfireball.markdown; path = README.md; sourceTree = "<group>"; };
		DA73DE2D23D1B69F00E48E24 /* LICENSE */ = {isa = PBXFileReference; lastKnownFileType = text; path = LICENSE; sourceTree = "<group>"; };
		DA73DE3023D1B6AE00E48E24 /* mac.entitlements */ = {isa = PBXFileReference; fileEncoding = 4; lastKnownFileType = text.plist.entitlements; path = mac.entitlements; sourceTree = "<group>"; };
		DA73DE3123D1B6AE00E48E24 /* Assets.xcassets */ = {isa = PBXFileReference; lastKnownFileType = folder.assetcatalog; path = Assets.xcassets; sourceTree = "<group>"; };
		DA73DE3523D1B6AE00E48E24 /* Info.plist */ = {isa = PBXFileReference; fileEncoding = 4; lastKnownFileType = text.plist.xml; path = Info.plist; sourceTree = "<group>"; };
		DA73DE3E23D1B70900E48E24 /* Schrodinger.app */ = {isa = PBXFileReference; explicitFileType = wrapper.application; includeInIndex = 0; path = Schrodinger.app; sourceTree = BUILT_PRODUCTS_DIR; };
		DA73DE3F23D1B78E00E48E24 /* libSchrodinger.a */ = {isa = PBXFileReference; explicitFileType = archive.ar; includeInIndex = 0; path = libSchrodinger.a; sourceTree = BUILT_PRODUCTS_DIR; };
		DA73DE4123D1B7F700E48E24 /* Memory.swift */ = {isa = PBXFileReference; lastKnownFileType = sourcecode.swift; path = Memory.swift; sourceTree = "<group>"; };
		DA73DE4423D1B8BC00E48E24 /* GameKit.framework */ = {isa = PBXFileReference; lastKnownFileType = wrapper.framework; name = GameKit.framework; path = System/Library/Frameworks/GameKit.framework; sourceTree = SDKROOT; };
		DA73DE4623D1B9C400E48E24 /* App.swift */ = {isa = PBXFileReference; lastKnownFileType = sourcecode.swift; path = App.swift; sourceTree = "<group>"; };
		DAD7B94123DDBA7300C483EC /* Action.swift */ = {isa = PBXFileReference; lastKnownFileType = sourcecode.swift; path = Action.swift; sourceTree = "<group>"; };
		DAD7B94323DDCC3000C483EC /* UI.xcassets */ = {isa = PBXFileReference; lastKnownFileType = folder.assetcatalog; path = UI.xcassets; sourceTree = "<group>"; };
		DAD7B94523DDCE2400C483EC /* DialogState.swift */ = {isa = PBXFileReference; lastKnownFileType = sourcecode.swift; path = DialogState.swift; sourceTree = "<group>"; };
		DAD7B94723DDD4BB00C483EC /* DialogNode.swift */ = {isa = PBXFileReference; lastKnownFileType = sourcecode.swift; path = DialogNode.swift; sourceTree = "<group>"; };
		DAE28BCD23DEE58A005B7BB7 /* Tests.xctest */ = {isa = PBXFileReference; explicitFileType = wrapper.cfbundle; includeInIndex = 0; path = Tests.xctest; sourceTree = BUILT_PRODUCTS_DIR; };
		DAE28BCF23DEE58A005B7BB7 /* TestMemory.swift */ = {isa = PBXFileReference; lastKnownFileType = sourcecode.swift; path = TestMemory.swift; sourceTree = "<group>"; };
		DAE28BD123DEE58A005B7BB7 /* Info.plist */ = {isa = PBXFileReference; lastKnownFileType = text.plist.xml; path = Info.plist; sourceTree = "<group>"; };
		DAEB746923DEDAEF0021951B /* PressStart2P-Regular.ttf */ = {isa = PBXFileReference; lastKnownFileType = file; path = "PressStart2P-Regular.ttf"; sourceTree = "<group>"; };
		DAF522EF23D464A200BB0EDA /* Direction.swift */ = {isa = PBXFileReference; lastKnownFileType = sourcecode.swift; path = Direction.swift; sourceTree = "<group>"; };
		DAFEBFA923E19A3A00E64093 /* UnboxState.swift */ = {isa = PBXFileReference; lastKnownFileType = sourcecode.swift; path = UnboxState.swift; sourceTree = "<group>"; };
/* End PBXFileReference section */

/* Begin PBXFrameworksBuildPhase section */
		DA73DE0523D1B33400E48E24 /* Frameworks */ = {
			isa = PBXFrameworksBuildPhase;
			buildActionMask = 2147483647;
			files = (
			);
			runOnlyForDeploymentPostprocessing = 0;
		};
		DA73DE1223D1B49400E48E24 /* Frameworks */ = {
			isa = PBXFrameworksBuildPhase;
			buildActionMask = 2147483647;
			files = (
				DA4AF1CE23DB1C750041A35D /* libSchrodinger.a in Frameworks */,
				DA73DE4523D1B8BC00E48E24 /* GameKit.framework in Frameworks */,
			);
			runOnlyForDeploymentPostprocessing = 0;
		};
		DAE28BCA23DEE58A005B7BB7 /* Frameworks */ = {
			isa = PBXFrameworksBuildPhase;
			buildActionMask = 2147483647;
			files = (
				DAE28BD223DEE58A005B7BB7 /* libSchrodinger.a in Frameworks */,
			);
			runOnlyForDeploymentPostprocessing = 0;
		};
/* End PBXFrameworksBuildPhase section */

/* Begin PBXGroup section */
		DA09802E23DEFEAD007CC607 /* Scene */ = {
			isa = PBXGroup;
			children = (
				DA39DF2623D9DFB900A304F2 /* House_Bedroom.sks */,
				DA4AF1C423DB17480041A35D /* House_Corridor.sks */,
				CE28283A23EF00BB001769E8 /* House_Drawingroom.sks */,
				DA5D13F123D25D47008E78D1 /* House_Bedroom.swift */,
				DA4AF1C623DB1A340041A35D /* House_Corridor.swift */,
				CE28283C23EF00CB001769E8 /* House_Drawingroom.swift */,
				DA73479623E575B200C70214 /* InventoryScene.swift */,
				DA352C0E23E1BF0F006AF887 /* MenuScene.swift */,
				DA09803623DF026C007CC607 /* StartScene.swift */,
				DA2F75A823D9A080001519C6 /* WalkScene.swift */,
			);
			path = Scene;
			sourceTree = "<group>";
		};
		DA09802F23DEFEF4007CC607 /* Tiles */ = {
			isa = PBXGroup;
			children = (
				DA39DF2C23D9E86A00A304F2 /* Tiles_House.sks */,
			);
			path = Tiles;
			sourceTree = "<group>";
		};
		DA09803023DEFF0B007CC607 /* State */ = {
			isa = PBXGroup;
			children = (
				DAD7B94523DDCE2400C483EC /* DialogState.swift */,
				DA73479823E5763400C70214 /* InventoryState.swift */,
				DA352C1023E1C1CE006AF887 /* MenuState.swift */,
				DA09803F23DF1E4C007CC607 /* StartState.swift */,
				DA4AF1D523DB2B470041A35D /* State.swift */,
				DAFEBFA923E19A3A00E64093 /* UnboxState.swift */,
				DA4AF1D723DB2B9C0041A35D /* WalkState.swift */,
			);
			path = State;
			sourceTree = "<group>";
		};
		DA09803123DEFF6B007CC607 /* Component */ = {
			isa = PBXGroup;
			children = (
				DA24878323D86CE200BA265B /* ControlWalk.swift */,
				DA24878123D8682500BA265B /* SpriteWalk.swift */,
			);
			path = Component;
			sourceTree = "<group>";
		};
		DA09803223DEFF81007CC607 /* Entity */ = {
			isa = PBXGroup;
			children = (
				CE18CD6223F01A3900A2317C /* NpcWalk.swift */,
				DA24877F23D8646B00BA265B /* PlayerWalk.swift */,
			);
			path = Entity;
			sourceTree = "<group>";
		};
		DA09803423DEFFEA007CC607 /* Extension */ = {
			isa = PBXGroup;
			children = (
				DA03C7CE23E2E9B4009A5F90 /* Color.swift */,
				DA09802C23DEFAEA007CC607 /* SKLabelNode.swift */,
				DA09803A23DF064E007CC607 /* String.swift */,
			);
			path = Extension;
			sourceTree = "<group>";
		};
		DA09803523DF0005007CC607 /* Control */ = {
			isa = PBXGroup;
			children = (
				DAD7B94123DDBA7300C483EC /* Action.swift */,
			);
			path = Control;
			sourceTree = "<group>";
		};
		DA39DF2323D9DBAC00A304F2 /* Shared */ = {
			isa = PBXGroup;
			children = (
				DA24877D23D857CC00BA265B /* Game.swift */,
				DA39DF2A23D9E0CC00A304F2 /* House.xcassets */,
				CE18CD6023F013EE00A2317C /* Items.xcassets */,
				CE28283823EEFC87001769E8 /* Npc.xcassets */,
				DA39DF2823D9E09D00A304F2 /* Schrodinger.xcassets */,
				DAD7B94323DDCC3000C483EC /* UI.xcassets */,
				DA09803123DEFF6B007CC607 /* Component */,
				DA09803523DF0005007CC607 /* Control */,
				DA09803223DEFF81007CC607 /* Entity */,
				DA09803423DEFFEA007CC607 /* Extension */,
				DAEB746823DEDAEF0021951B /* Font */,
				DA09803C23DF068E007CC607 /* Localizable.strings */,
				DA6FFF1423E0648200BF9A79 /* Node */,
				DA09802E23DEFEAD007CC607 /* Scene */,
				DA09803023DEFF0B007CC607 /* State */,
				DA09802F23DEFEF4007CC607 /* Tiles */,
			);
			path = Shared;
			sourceTree = "<group>";
		};
		DA6FFF1423E0648200BF9A79 /* Node */ = {
			isa = PBXGroup;
			children = (
				DA03C7CC23E2E39E009A5F90 /* DarknessNode.swift */,
				DAD7B94723DDD4BB00C483EC /* DialogNode.swift */,
			);
			path = Node;
			sourceTree = "<group>";
		};
		DA73DDFC23D1B2F600E48E24 = {
			isa = PBXGroup;
			children = (
				DA73DE2B23D1B68B00E48E24 /* .gitignore */,
				DA73DE2D23D1B69F00E48E24 /* LICENSE */,
				DA73DE3F23D1B78E00E48E24 /* libSchrodinger.a */,
				DA73DE3E23D1B70900E48E24 /* Schrodinger.app */,
				DA73DE2C23D1B69F00E48E24 /* README.md */,
				DAE28BCD23DEE58A005B7BB7 /* Tests.xctest */,
				DA73DE4323D1B8BC00E48E24 /* Frameworks */,
				DA73DE4023D1B7C000E48E24 /* Library */,
				DA73DE2E23D1B6AE00E48E24 /* mac */,
				DA39DF2323D9DBAC00A304F2 /* Shared */,
				DAE28BCE23DEE58A005B7BB7 /* Tests */,
			);
			sourceTree = "<group>";
		};
		DA73DE2E23D1B6AE00E48E24 /* mac */ = {
			isa = PBXGroup;
			children = (
				DA73DE3023D1B6AE00E48E24 /* mac.entitlements */,
				DA73DE3523D1B6AE00E48E24 /* Info.plist */,
				DA73DE4623D1B9C400E48E24 /* App.swift */,
				DA4AF1D123DB1CED0041A35D /* View.swift */,
				DA628FA423D1BF0500F240AC /* Window.swift */,
				DA73DE3123D1B6AE00E48E24 /* Assets.xcassets */,
			);
			path = mac;
			sourceTree = "<group>";
		};
		DA73DE4023D1B7C000E48E24 /* Library */ = {
			isa = PBXGroup;
			children = (
				DA52310D23E071E4005BAC2B /* Dialog.swift */,
				DAF522EF23D464A200BB0EDA /* Direction.swift */,
				DA09802A23DEE9AC007CC607 /* Entry.swift */,
				DA0057DF23E80738008B0CA0 /* Item.swift */,
				DA52310B23E06F59005BAC2B /* ItemId.swift */,
				DA0B01BF23E03D3D00D2875E /* LocationId.swift */,
				DA73DE4123D1B7F700E48E24 /* Memory.swift */,
			);
			path = Library;
			sourceTree = "<group>";
		};
		DA73DE4323D1B8BC00E48E24 /* Frameworks */ = {
			isa = PBXGroup;
			children = (
				DA73DE4423D1B8BC00E48E24 /* GameKit.framework */,
			);
			name = Frameworks;
			sourceTree = "<group>";
		};
		DAE28BCE23DEE58A005B7BB7 /* Tests */ = {
			isa = PBXGroup;
			children = (
				DAE28BD123DEE58A005B7BB7 /* Info.plist */,
				DA52310F23E0726D005BAC2B /* TestDialog.swift */,
				DAE28BCF23DEE58A005B7BB7 /* TestMemory.swift */,
			);
			path = Tests;
			sourceTree = "<group>";
		};
		DAEB746823DEDAEF0021951B /* Font */ = {
			isa = PBXGroup;
			children = (
				DAEB746923DEDAEF0021951B /* PressStart2P-Regular.ttf */,
			);
			path = Font;
			sourceTree = "<group>";
		};
/* End PBXGroup section */

/* Begin PBXHeadersBuildPhase section */
		DA73DE0323D1B33400E48E24 /* Headers */ = {
			isa = PBXHeadersBuildPhase;
			buildActionMask = 2147483647;
			files = (
			);
			runOnlyForDeploymentPostprocessing = 0;
		};
/* End PBXHeadersBuildPhase section */

/* Begin PBXNativeTarget section */
		DA73DE0623D1B33400E48E24 /* mac */ = {
			isa = PBXNativeTarget;
			buildConfigurationList = DA73DE0E23D1B33400E48E24 /* Build configuration list for PBXNativeTarget "mac" */;
			buildPhases = (
				DA73DE0323D1B33400E48E24 /* Headers */,
				DA73DE0423D1B33400E48E24 /* Sources */,
				DA73DE0523D1B33400E48E24 /* Frameworks */,
			);
			buildRules = (
			);
			dependencies = (
			);
			name = mac;
			productName = mac;
			productReference = DA73DE3F23D1B78E00E48E24 /* libSchrodinger.a */;
			productType = "com.apple.product-type.library.static";
		};
		DA73DE1423D1B49400E48E24 /* macApp */ = {
			isa = PBXNativeTarget;
			buildConfigurationList = DA73DE2823D1B49700E48E24 /* Build configuration list for PBXNativeTarget "macApp" */;
			buildPhases = (
				DA73DE1123D1B49400E48E24 /* Sources */,
				DA73DE1223D1B49400E48E24 /* Frameworks */,
				DA73DE1323D1B49400E48E24 /* Resources */,
			);
			buildRules = (
			);
			dependencies = (
				DA4AF1D023DB1C750041A35D /* PBXTargetDependency */,
			);
			name = macApp;
			productName = macApp;
			productReference = DA73DE3E23D1B70900E48E24 /* Schrodinger.app */;
			productType = "com.apple.product-type.application";
		};
		DAE28BCC23DEE58A005B7BB7 /* Tests */ = {
			isa = PBXNativeTarget;
			buildConfigurationList = DAE28BD723DEE58A005B7BB7 /* Build configuration list for PBXNativeTarget "Tests" */;
			buildPhases = (
				DAE28BC923DEE58A005B7BB7 /* Sources */,
				DAE28BCA23DEE58A005B7BB7 /* Frameworks */,
				DAE28BCB23DEE58A005B7BB7 /* Resources */,
			);
			buildRules = (
			);
			dependencies = (
				DAE28BD423DEE58A005B7BB7 /* PBXTargetDependency */,
			);
			name = Tests;
			productName = Tests;
			productReference = DAE28BCD23DEE58A005B7BB7 /* Tests.xctest */;
			productType = "com.apple.product-type.bundle.unit-test";
		};
/* End PBXNativeTarget section */

/* Begin PBXProject section */
		DA73DDFD23D1B2F600E48E24 /* Project object */ = {
			isa = PBXProject;
			attributes = {
				LastSwiftUpdateCheck = 1130;
				LastUpgradeCheck = 1130;
				TargetAttributes = {
					DA73DE0623D1B33400E48E24 = {
						CreatedOnToolsVersion = 11.3.1;
						LastSwiftMigration = 1130;
					};
					DA73DE1423D1B49400E48E24 = {
						CreatedOnToolsVersion = 11.3.1;
					};
					DAE28BCC23DEE58A005B7BB7 = {
						CreatedOnToolsVersion = 11.3.1;
					};
				};
			};
			buildConfigurationList = DA73DE0023D1B2F600E48E24 /* Build configuration list for PBXProject "Schrodinger" */;
			compatibilityVersion = "Xcode 9.3";
			developmentRegion = en;
			hasScannedForEncodings = 0;
			knownRegions = (
				en,
				Base,
			);
			mainGroup = DA73DDFC23D1B2F600E48E24;
			productRefGroup = DA73DDFC23D1B2F600E48E24;
			projectDirPath = "";
			projectRoot = "";
			targets = (
				DA73DE0623D1B33400E48E24 /* mac */,
				DA73DE1423D1B49400E48E24 /* macApp */,
				DAE28BCC23DEE58A005B7BB7 /* Tests */,
			);
		};
/* End PBXProject section */

/* Begin PBXResourcesBuildPhase section */
		DA73DE1323D1B49400E48E24 /* Resources */ = {
			isa = PBXResourcesBuildPhase;
			buildActionMask = 2147483647;
			files = (
				DAEB746A23DEDAEF0021951B /* PressStart2P-Regular.ttf in Resources */,
				DA4AF1C523DB17480041A35D /* House_Corridor.sks in Resources */,
				DA73DE3823D1B6AE00E48E24 /* Assets.xcassets in Resources */,
				DAD7B94423DDCC3000C483EC /* UI.xcassets in Resources */,
				CE18CD6123F013EE00A2317C /* Items.xcassets in Resources */,
				DA09803E23DF068E007CC607 /* Localizable.strings in Resources */,
				CE28283923EEFC87001769E8 /* Npc.xcassets in Resources */,
				CE28283B23EF00BB001769E8 /* House_Drawingroom.sks in Resources */,
				DA39DF2D23D9E86A00A304F2 /* Tiles_House.sks in Resources */,
				DA39DF2923D9E09D00A304F2 /* Schrodinger.xcassets in Resources */,
				DA39DF2B23D9E0CC00A304F2 /* House.xcassets in Resources */,
				DA39DF2723D9DFB900A304F2 /* House_Bedroom.sks in Resources */,
			);
			runOnlyForDeploymentPostprocessing = 0;
		};
		DAE28BCB23DEE58A005B7BB7 /* Resources */ = {
			isa = PBXResourcesBuildPhase;
			buildActionMask = 2147483647;
			files = (
			);
			runOnlyForDeploymentPostprocessing = 0;
		};
/* End PBXResourcesBuildPhase section */

/* Begin PBXSourcesBuildPhase section */
		DA73DE0423D1B33400E48E24 /* Sources */ = {
			isa = PBXSourcesBuildPhase;
			buildActionMask = 2147483647;
			files = (
				DA52310C23E06F59005BAC2B /* ItemId.swift in Sources */,
				DA52310E23E071E4005BAC2B /* Dialog.swift in Sources */,
				DA09802B23DEE9AC007CC607 /* Entry.swift in Sources */,
				DA0B01C123E03E2600D2875E /* LocationId.swift in Sources */,
				DA0057E023E80738008B0CA0 /* Item.swift in Sources */,
				DA73DE4223D1B7F700E48E24 /* Memory.swift in Sources */,
				DAB832EC23E478E600BBC4AD /* Direction.swift in Sources */,
			);
			runOnlyForDeploymentPostprocessing = 0;
		};
		DA73DE1123D1B49400E48E24 /* Sources */ = {
			isa = PBXSourcesBuildPhase;
			buildActionMask = 2147483647;
			files = (
				DA352C1123E1C1CE006AF887 /* MenuState.swift in Sources */,
				DA73DE4723D1B9C400E48E24 /* App.swift in Sources */,
				DA4AF1C723DB1A340041A35D /* House_Corridor.swift in Sources */,
				DA73479723E575B200C70214 /* InventoryScene.swift in Sources */,
				DA73479923E5763400C70214 /* InventoryState.swift in Sources */,
				CE28283D23EF00CB001769E8 /* House_Drawingroom.swift in Sources */,
				DAD7B94823DDD4BB00C483EC /* DialogNode.swift in Sources */,
				DA09802D23DEFAEA007CC607 /* SKLabelNode.swift in Sources */,
				DA09804023DF1E4C007CC607 /* StartState.swift in Sources */,
				DA03C7CD23E2E39E009A5F90 /* DarknessNode.swift in Sources */,
				DA2F75A923D9A080001519C6 /* WalkScene.swift in Sources */,
				DAFEBFAA23E19A3A00E64093 /* UnboxState.swift in Sources */,
				DAD7B94623DDCE2400C483EC /* DialogState.swift in Sources */,
				DA24878423D86CE200BA265B /* ControlWalk.swift in Sources */,
				DAD7B94223DDBA7300C483EC /* Action.swift in Sources */,
				DA4AF1D623DB2B470041A35D /* State.swift in Sources */,
				DA24877E23D857CC00BA265B /* Game.swift in Sources */,
				DA09803723DF026C007CC607 /* StartScene.swift in Sources */,
				DA5D13F223D25D47008E78D1 /* House_Bedroom.swift in Sources */,
				DA4AF1D223DB1CED0041A35D /* View.swift in Sources */,
				CE18CD6323F01A3900A2317C /* NpcWalk.swift in Sources */,
				DA03C7CF23E2E9B4009A5F90 /* Color.swift in Sources */,
				DA352C0F23E1BF0F006AF887 /* MenuScene.swift in Sources */,
				DA24878223D8682500BA265B /* SpriteWalk.swift in Sources */,
				DA24878023D8646B00BA265B /* PlayerWalk.swift in Sources */,
				DA09803B23DF064E007CC607 /* String.swift in Sources */,
				DA628FA523D1BF0500F240AC /* Window.swift in Sources */,
				DA4AF1D823DB2B9C0041A35D /* WalkState.swift in Sources */,
			);
			runOnlyForDeploymentPostprocessing = 0;
		};
		DAE28BC923DEE58A005B7BB7 /* Sources */ = {
			isa = PBXSourcesBuildPhase;
			buildActionMask = 2147483647;
			files = (
				DAE28BD023DEE58A005B7BB7 /* TestMemory.swift in Sources */,
				DA52311023E0726D005BAC2B /* TestDialog.swift in Sources */,
			);
			runOnlyForDeploymentPostprocessing = 0;
		};
/* End PBXSourcesBuildPhase section */

/* Begin PBXTargetDependency section */
		DA4AF1D023DB1C750041A35D /* PBXTargetDependency */ = {
			isa = PBXTargetDependency;
			target = DA73DE0623D1B33400E48E24 /* mac */;
			targetProxy = DA4AF1CF23DB1C750041A35D /* PBXContainerItemProxy */;
		};
		DAE28BD423DEE58A005B7BB7 /* PBXTargetDependency */ = {
			isa = PBXTargetDependency;
			target = DA73DE0623D1B33400E48E24 /* mac */;
			targetProxy = DAE28BD323DEE58A005B7BB7 /* PBXContainerItemProxy */;
		};
/* End PBXTargetDependency section */

/* Begin PBXVariantGroup section */
		DA09803C23DF068E007CC607 /* Localizable.strings */ = {
			isa = PBXVariantGroup;
			children = (
				DA09803D23DF068E007CC607 /* Base */,
			);
			name = Localizable.strings;
			sourceTree = "<group>";
		};
/* End PBXVariantGroup section */

/* Begin XCBuildConfiguration section */
		DA73DE0123D1B2F600E48E24 /* Debug */ = {
			isa = XCBuildConfiguration;
			buildSettings = {
				CLANG_ENABLE_MODULES = YES;
				DEBUG_INFORMATION_FORMAT = dwarf;
				GCC_OPTIMIZATION_LEVEL = 0;
				MACOSX_DEPLOYMENT_TARGET = 10.15;
				PRODUCT_NAME = Schrodinger;
				SWIFT_INSTALL_OBJC_HEADER = NO;
				SWIFT_OPTIMIZATION_LEVEL = "-Onone";
				SWIFT_VERSION = 5.0;
			};
			name = Debug;
		};
		DA73DE0223D1B2F600E48E24 /* Release */ = {
			isa = XCBuildConfiguration;
			buildSettings = {
				CLANG_ENABLE_MODULES = YES;
				DEBUG_INFORMATION_FORMAT = "dwarf-with-dsym";
				GCC_OPTIMIZATION_LEVEL = 3;
				MACOSX_DEPLOYMENT_TARGET = 10.15;
				PRODUCT_NAME = Schrodinger;
				SWIFT_COMPILATION_MODE = wholemodule;
				SWIFT_INSTALL_OBJC_HEADER = NO;
				SWIFT_VERSION = 5.0;
			};
			name = Release;
		};
		DA73DE0F23D1B33400E48E24 /* Debug */ = {
			isa = XCBuildConfiguration;
			buildSettings = {
				ALWAYS_SEARCH_USER_PATHS = NO;
				CLANG_ANALYZER_NONNULL = YES;
				CLANG_ANALYZER_NUMBER_OBJECT_CONVERSION = YES_AGGRESSIVE;
				CLANG_CXX_LANGUAGE_STANDARD = "gnu++14";
				CLANG_CXX_LIBRARY = "libc++";
				CLANG_ENABLE_OBJC_ARC = YES;
				CLANG_ENABLE_OBJC_WEAK = YES;
				CLANG_WARN_BLOCK_CAPTURE_AUTORELEASING = YES;
				CLANG_WARN_BOOL_CONVERSION = YES;
				CLANG_WARN_COMMA = YES;
				CLANG_WARN_CONSTANT_CONVERSION = YES;
				CLANG_WARN_DEPRECATED_OBJC_IMPLEMENTATIONS = YES;
				CLANG_WARN_DIRECT_OBJC_ISA_USAGE = YES_ERROR;
				CLANG_WARN_DOCUMENTATION_COMMENTS = YES;
				CLANG_WARN_EMPTY_BODY = YES;
				CLANG_WARN_ENUM_CONVERSION = YES;
				CLANG_WARN_INFINITE_RECURSION = YES;
				CLANG_WARN_INT_CONVERSION = YES;
				CLANG_WARN_NON_LITERAL_NULL_CONVERSION = YES;
				CLANG_WARN_OBJC_IMPLICIT_RETAIN_SELF = YES;
				CLANG_WARN_OBJC_LITERAL_CONVERSION = YES;
				CLANG_WARN_OBJC_ROOT_CLASS = YES_ERROR;
				CLANG_WARN_RANGE_LOOP_ANALYSIS = YES;
				CLANG_WARN_STRICT_PROTOTYPES = YES;
				CLANG_WARN_SUSPICIOUS_MOVE = YES;
				CLANG_WARN_UNGUARDED_AVAILABILITY = YES_AGGRESSIVE;
				CLANG_WARN_UNREACHABLE_CODE = YES;
				CLANG_WARN__DUPLICATE_METHOD_MATCH = YES;
				CODE_SIGN_STYLE = Automatic;
				COPY_PHASE_STRIP = NO;
				DEVELOPMENT_TEAM = 7AMWG3RLHN;
				ENABLE_STRICT_OBJC_MSGSEND = YES;
				ENABLE_TESTABILITY = YES;
				EXECUTABLE_PREFIX = lib;
				GCC_C_LANGUAGE_STANDARD = gnu11;
				GCC_DYNAMIC_NO_PIC = NO;
				GCC_NO_COMMON_BLOCKS = YES;
				GCC_PREPROCESSOR_DEFINITIONS = (
					"DEBUG=1",
					"$(inherited)",
				);
				GCC_WARN_64_TO_32_BIT_CONVERSION = YES;
				GCC_WARN_ABOUT_RETURN_TYPE = YES_ERROR;
				GCC_WARN_UNDECLARED_SELECTOR = YES;
				GCC_WARN_UNINITIALIZED_AUTOS = YES_AGGRESSIVE;
				GCC_WARN_UNUSED_FUNCTION = YES;
				GCC_WARN_UNUSED_VARIABLE = YES;
				LD_RUNPATH_SEARCH_PATHS = (
					"$(inherited)",
					"@executable_path/../Frameworks",
					"@loader_path/../Frameworks",
				);
				MTL_ENABLE_DEBUG_INFO = INCLUDE_SOURCE;
				MTL_FAST_MATH = YES;
				ONLY_ACTIVE_ARCH = YES;
				PRODUCT_MODULE_NAME = Library;
				SDKROOT = macosx;
				SKIP_INSTALL = YES;
			};
			name = Debug;
		};
		DA73DE1023D1B33400E48E24 /* Release */ = {
			isa = XCBuildConfiguration;
			buildSettings = {
				ALWAYS_SEARCH_USER_PATHS = NO;
				CLANG_ANALYZER_NONNULL = YES;
				CLANG_ANALYZER_NUMBER_OBJECT_CONVERSION = YES_AGGRESSIVE;
				CLANG_CXX_LANGUAGE_STANDARD = "gnu++14";
				CLANG_CXX_LIBRARY = "libc++";
				CLANG_ENABLE_OBJC_ARC = YES;
				CLANG_ENABLE_OBJC_WEAK = YES;
				CLANG_WARN_BLOCK_CAPTURE_AUTORELEASING = YES;
				CLANG_WARN_BOOL_CONVERSION = YES;
				CLANG_WARN_COMMA = YES;
				CLANG_WARN_CONSTANT_CONVERSION = YES;
				CLANG_WARN_DEPRECATED_OBJC_IMPLEMENTATIONS = YES;
				CLANG_WARN_DIRECT_OBJC_ISA_USAGE = YES_ERROR;
				CLANG_WARN_DOCUMENTATION_COMMENTS = YES;
				CLANG_WARN_EMPTY_BODY = YES;
				CLANG_WARN_ENUM_CONVERSION = YES;
				CLANG_WARN_INFINITE_RECURSION = YES;
				CLANG_WARN_INT_CONVERSION = YES;
				CLANG_WARN_NON_LITERAL_NULL_CONVERSION = YES;
				CLANG_WARN_OBJC_IMPLICIT_RETAIN_SELF = YES;
				CLANG_WARN_OBJC_LITERAL_CONVERSION = YES;
				CLANG_WARN_OBJC_ROOT_CLASS = YES_ERROR;
				CLANG_WARN_RANGE_LOOP_ANALYSIS = YES;
				CLANG_WARN_STRICT_PROTOTYPES = YES;
				CLANG_WARN_SUSPICIOUS_MOVE = YES;
				CLANG_WARN_UNGUARDED_AVAILABILITY = YES_AGGRESSIVE;
				CLANG_WARN_UNREACHABLE_CODE = YES;
				CLANG_WARN__DUPLICATE_METHOD_MATCH = YES;
				CODE_SIGN_STYLE = Automatic;
				COPY_PHASE_STRIP = NO;
				DEVELOPMENT_TEAM = 7AMWG3RLHN;
				ENABLE_NS_ASSERTIONS = NO;
				ENABLE_STRICT_OBJC_MSGSEND = YES;
				EXECUTABLE_PREFIX = lib;
				GCC_C_LANGUAGE_STANDARD = gnu11;
				GCC_NO_COMMON_BLOCKS = YES;
				GCC_WARN_64_TO_32_BIT_CONVERSION = YES;
				GCC_WARN_ABOUT_RETURN_TYPE = YES_ERROR;
				GCC_WARN_UNDECLARED_SELECTOR = YES;
				GCC_WARN_UNINITIALIZED_AUTOS = YES_AGGRESSIVE;
				GCC_WARN_UNUSED_FUNCTION = YES;
				GCC_WARN_UNUSED_VARIABLE = YES;
				LD_RUNPATH_SEARCH_PATHS = (
					"$(inherited)",
					"@executable_path/../Frameworks",
					"@loader_path/../Frameworks",
				);
				MTL_ENABLE_DEBUG_INFO = NO;
				MTL_FAST_MATH = YES;
				PRODUCT_MODULE_NAME = Library;
				SDKROOT = macosx;
				SKIP_INSTALL = YES;
			};
			name = Release;
		};
		DA73DE2923D1B49700E48E24 /* Debug */ = {
			isa = XCBuildConfiguration;
			buildSettings = {
				ALWAYS_SEARCH_USER_PATHS = NO;
				ASSETCATALOG_COMPILER_APPICON_NAME = AppIcon;
				CLANG_ANALYZER_NONNULL = YES;
				CLANG_ANALYZER_NUMBER_OBJECT_CONVERSION = YES_AGGRESSIVE;
				CLANG_CXX_LANGUAGE_STANDARD = "gnu++14";
				CLANG_CXX_LIBRARY = "libc++";
				CLANG_ENABLE_OBJC_ARC = YES;
				CLANG_ENABLE_OBJC_WEAK = YES;
				CLANG_WARN_BLOCK_CAPTURE_AUTORELEASING = YES;
				CLANG_WARN_BOOL_CONVERSION = YES;
				CLANG_WARN_COMMA = YES;
				CLANG_WARN_CONSTANT_CONVERSION = YES;
				CLANG_WARN_DEPRECATED_OBJC_IMPLEMENTATIONS = YES;
				CLANG_WARN_DIRECT_OBJC_ISA_USAGE = YES_ERROR;
				CLANG_WARN_DOCUMENTATION_COMMENTS = YES;
				CLANG_WARN_EMPTY_BODY = YES;
				CLANG_WARN_ENUM_CONVERSION = YES;
				CLANG_WARN_INFINITE_RECURSION = YES;
				CLANG_WARN_INT_CONVERSION = YES;
				CLANG_WARN_NON_LITERAL_NULL_CONVERSION = YES;
				CLANG_WARN_OBJC_IMPLICIT_RETAIN_SELF = YES;
				CLANG_WARN_OBJC_LITERAL_CONVERSION = YES;
				CLANG_WARN_OBJC_ROOT_CLASS = YES_ERROR;
				CLANG_WARN_RANGE_LOOP_ANALYSIS = YES;
				CLANG_WARN_STRICT_PROTOTYPES = YES;
				CLANG_WARN_SUSPICIOUS_MOVE = YES;
				CLANG_WARN_UNGUARDED_AVAILABILITY = YES_AGGRESSIVE;
				CLANG_WARN_UNREACHABLE_CODE = YES;
				CLANG_WARN__DUPLICATE_METHOD_MATCH = YES;
				CODE_SIGN_ENTITLEMENTS = mac/mac.entitlements;
				CODE_SIGN_STYLE = Automatic;
				COMBINE_HIDPI_IMAGES = YES;
				COPY_PHASE_STRIP = NO;
				DEVELOPMENT_TEAM = 7AMWG3RLHN;
				ENABLE_HARDENED_RUNTIME = YES;
				ENABLE_STRICT_OBJC_MSGSEND = YES;
				ENABLE_TESTABILITY = YES;
				GCC_C_LANGUAGE_STANDARD = gnu11;
				GCC_DYNAMIC_NO_PIC = NO;
				GCC_NO_COMMON_BLOCKS = YES;
				GCC_PREPROCESSOR_DEFINITIONS = (
					"DEBUG=1",
					"$(inherited)",
				);
				GCC_WARN_64_TO_32_BIT_CONVERSION = YES;
				GCC_WARN_ABOUT_RETURN_TYPE = YES_ERROR;
				GCC_WARN_UNDECLARED_SELECTOR = YES;
				GCC_WARN_UNINITIALIZED_AUTOS = YES_AGGRESSIVE;
				GCC_WARN_UNUSED_FUNCTION = YES;
				GCC_WARN_UNUSED_VARIABLE = YES;
				INFOPLIST_FILE = mac/Info.plist;
				LD_RUNPATH_SEARCH_PATHS = (
					"$(inherited)",
					"@executable_path/../Frameworks",
				);
				MTL_ENABLE_DEBUG_INFO = INCLUDE_SOURCE;
				MTL_FAST_MATH = YES;
				ONLY_ACTIVE_ARCH = YES;
				PRODUCT_BUNDLE_IDENTIFIER = Schrodinger.mac;
				SDKROOT = macosx;
				SWIFT_ACTIVE_COMPILATION_CONDITIONS = DEBUG;
				SWIFT_OPTIMIZATION_LEVEL = "-Onone";
			};
			name = Debug;
		};
		DA73DE2A23D1B49700E48E24 /* Release */ = {
			isa = XCBuildConfiguration;
			buildSettings = {
				ALWAYS_SEARCH_USER_PATHS = NO;
				ASSETCATALOG_COMPILER_APPICON_NAME = AppIcon;
				CLANG_ANALYZER_NONNULL = YES;
				CLANG_ANALYZER_NUMBER_OBJECT_CONVERSION = YES_AGGRESSIVE;
				CLANG_CXX_LANGUAGE_STANDARD = "gnu++14";
				CLANG_CXX_LIBRARY = "libc++";
				CLANG_ENABLE_OBJC_ARC = YES;
				CLANG_ENABLE_OBJC_WEAK = YES;
				CLANG_WARN_BLOCK_CAPTURE_AUTORELEASING = YES;
				CLANG_WARN_BOOL_CONVERSION = YES;
				CLANG_WARN_COMMA = YES;
				CLANG_WARN_CONSTANT_CONVERSION = YES;
				CLANG_WARN_DEPRECATED_OBJC_IMPLEMENTATIONS = YES;
				CLANG_WARN_DIRECT_OBJC_ISA_USAGE = YES_ERROR;
				CLANG_WARN_DOCUMENTATION_COMMENTS = YES;
				CLANG_WARN_EMPTY_BODY = YES;
				CLANG_WARN_ENUM_CONVERSION = YES;
				CLANG_WARN_INFINITE_RECURSION = YES;
				CLANG_WARN_INT_CONVERSION = YES;
				CLANG_WARN_NON_LITERAL_NULL_CONVERSION = YES;
				CLANG_WARN_OBJC_IMPLICIT_RETAIN_SELF = YES;
				CLANG_WARN_OBJC_LITERAL_CONVERSION = YES;
				CLANG_WARN_OBJC_ROOT_CLASS = YES_ERROR;
				CLANG_WARN_RANGE_LOOP_ANALYSIS = YES;
				CLANG_WARN_STRICT_PROTOTYPES = YES;
				CLANG_WARN_SUSPICIOUS_MOVE = YES;
				CLANG_WARN_UNGUARDED_AVAILABILITY = YES_AGGRESSIVE;
				CLANG_WARN_UNREACHABLE_CODE = YES;
				CLANG_WARN__DUPLICATE_METHOD_MATCH = YES;
				CODE_SIGN_ENTITLEMENTS = mac/mac.entitlements;
				CODE_SIGN_STYLE = Automatic;
				COMBINE_HIDPI_IMAGES = YES;
				COPY_PHASE_STRIP = NO;
				DEVELOPMENT_TEAM = 7AMWG3RLHN;
				ENABLE_HARDENED_RUNTIME = YES;
				ENABLE_NS_ASSERTIONS = NO;
				ENABLE_STRICT_OBJC_MSGSEND = YES;
				GCC_C_LANGUAGE_STANDARD = gnu11;
				GCC_NO_COMMON_BLOCKS = YES;
				GCC_WARN_64_TO_32_BIT_CONVERSION = YES;
				GCC_WARN_ABOUT_RETURN_TYPE = YES_ERROR;
				GCC_WARN_UNDECLARED_SELECTOR = YES;
				GCC_WARN_UNINITIALIZED_AUTOS = YES_AGGRESSIVE;
				GCC_WARN_UNUSED_FUNCTION = YES;
				GCC_WARN_UNUSED_VARIABLE = YES;
				INFOPLIST_FILE = mac/Info.plist;
				LD_RUNPATH_SEARCH_PATHS = (
					"$(inherited)",
					"@executable_path/../Frameworks",
				);
				MTL_ENABLE_DEBUG_INFO = NO;
				MTL_FAST_MATH = YES;
				PRODUCT_BUNDLE_IDENTIFIER = Schrodinger.mac;
				SDKROOT = macosx;
				SWIFT_OPTIMIZATION_LEVEL = "-O";
			};
			name = Release;
		};
		DAE28BD523DEE58A005B7BB7 /* Debug */ = {
			isa = XCBuildConfiguration;
			buildSettings = {
				ALWAYS_SEARCH_USER_PATHS = NO;
				CLANG_ANALYZER_NONNULL = YES;
				CLANG_ANALYZER_NUMBER_OBJECT_CONVERSION = YES_AGGRESSIVE;
				CLANG_CXX_LANGUAGE_STANDARD = "gnu++14";
				CLANG_CXX_LIBRARY = "libc++";
				CLANG_ENABLE_OBJC_ARC = YES;
				CLANG_ENABLE_OBJC_WEAK = YES;
				CLANG_WARN_BLOCK_CAPTURE_AUTORELEASING = YES;
				CLANG_WARN_BOOL_CONVERSION = YES;
				CLANG_WARN_COMMA = YES;
				CLANG_WARN_CONSTANT_CONVERSION = YES;
				CLANG_WARN_DEPRECATED_OBJC_IMPLEMENTATIONS = YES;
				CLANG_WARN_DIRECT_OBJC_ISA_USAGE = YES_ERROR;
				CLANG_WARN_DOCUMENTATION_COMMENTS = YES;
				CLANG_WARN_EMPTY_BODY = YES;
				CLANG_WARN_ENUM_CONVERSION = YES;
				CLANG_WARN_INFINITE_RECURSION = YES;
				CLANG_WARN_INT_CONVERSION = YES;
				CLANG_WARN_NON_LITERAL_NULL_CONVERSION = YES;
				CLANG_WARN_OBJC_IMPLICIT_RETAIN_SELF = YES;
				CLANG_WARN_OBJC_LITERAL_CONVERSION = YES;
				CLANG_WARN_OBJC_ROOT_CLASS = YES_ERROR;
				CLANG_WARN_RANGE_LOOP_ANALYSIS = YES;
				CLANG_WARN_STRICT_PROTOTYPES = YES;
				CLANG_WARN_SUSPICIOUS_MOVE = YES;
				CLANG_WARN_UNGUARDED_AVAILABILITY = YES_AGGRESSIVE;
				CLANG_WARN_UNREACHABLE_CODE = YES;
				CLANG_WARN__DUPLICATE_METHOD_MATCH = YES;
				CODE_SIGN_STYLE = Automatic;
				COMBINE_HIDPI_IMAGES = YES;
				COPY_PHASE_STRIP = NO;
				DEVELOPMENT_TEAM = 7AMWG3RLHN;
				ENABLE_STRICT_OBJC_MSGSEND = YES;
				ENABLE_TESTABILITY = YES;
				GCC_C_LANGUAGE_STANDARD = gnu11;
				GCC_DYNAMIC_NO_PIC = NO;
				GCC_NO_COMMON_BLOCKS = YES;
				GCC_PREPROCESSOR_DEFINITIONS = (
					"DEBUG=1",
					"$(inherited)",
				);
				GCC_WARN_64_TO_32_BIT_CONVERSION = YES;
				GCC_WARN_ABOUT_RETURN_TYPE = YES_ERROR;
				GCC_WARN_UNDECLARED_SELECTOR = YES;
				GCC_WARN_UNINITIALIZED_AUTOS = YES_AGGRESSIVE;
				GCC_WARN_UNUSED_FUNCTION = YES;
				GCC_WARN_UNUSED_VARIABLE = YES;
				INFOPLIST_FILE = Tests/Info.plist;
				LD_RUNPATH_SEARCH_PATHS = (
					"$(inherited)",
					"@executable_path/../Frameworks",
					"@loader_path/../Frameworks",
				);
				MTL_ENABLE_DEBUG_INFO = INCLUDE_SOURCE;
				MTL_FAST_MATH = YES;
				ONLY_ACTIVE_ARCH = YES;
				PRODUCT_BUNDLE_IDENTIFIER = Schrodinger.Tests;
				PRODUCT_NAME = "$(TARGET_NAME)";
				SDKROOT = macosx;
				SWIFT_ACTIVE_COMPILATION_CONDITIONS = DEBUG;
			};
			name = Debug;
		};
		DAE28BD623DEE58A005B7BB7 /* Release */ = {
			isa = XCBuildConfiguration;
			buildSettings = {
				ALWAYS_SEARCH_USER_PATHS = NO;
				CLANG_ANALYZER_NONNULL = YES;
				CLANG_ANALYZER_NUMBER_OBJECT_CONVERSION = YES_AGGRESSIVE;
				CLANG_CXX_LANGUAGE_STANDARD = "gnu++14";
				CLANG_CXX_LIBRARY = "libc++";
				CLANG_ENABLE_OBJC_ARC = YES;
				CLANG_ENABLE_OBJC_WEAK = YES;
				CLANG_WARN_BLOCK_CAPTURE_AUTORELEASING = YES;
				CLANG_WARN_BOOL_CONVERSION = YES;
				CLANG_WARN_COMMA = YES;
				CLANG_WARN_CONSTANT_CONVERSION = YES;
				CLANG_WARN_DEPRECATED_OBJC_IMPLEMENTATIONS = YES;
				CLANG_WARN_DIRECT_OBJC_ISA_USAGE = YES_ERROR;
				CLANG_WARN_DOCUMENTATION_COMMENTS = YES;
				CLANG_WARN_EMPTY_BODY = YES;
				CLANG_WARN_ENUM_CONVERSION = YES;
				CLANG_WARN_INFINITE_RECURSION = YES;
				CLANG_WARN_INT_CONVERSION = YES;
				CLANG_WARN_NON_LITERAL_NULL_CONVERSION = YES;
				CLANG_WARN_OBJC_IMPLICIT_RETAIN_SELF = YES;
				CLANG_WARN_OBJC_LITERAL_CONVERSION = YES;
				CLANG_WARN_OBJC_ROOT_CLASS = YES_ERROR;
				CLANG_WARN_RANGE_LOOP_ANALYSIS = YES;
				CLANG_WARN_STRICT_PROTOTYPES = YES;
				CLANG_WARN_SUSPICIOUS_MOVE = YES;
				CLANG_WARN_UNGUARDED_AVAILABILITY = YES_AGGRESSIVE;
				CLANG_WARN_UNREACHABLE_CODE = YES;
				CLANG_WARN__DUPLICATE_METHOD_MATCH = YES;
				CODE_SIGN_STYLE = Automatic;
				COMBINE_HIDPI_IMAGES = YES;
				COPY_PHASE_STRIP = NO;
				DEVELOPMENT_TEAM = 7AMWG3RLHN;
				ENABLE_NS_ASSERTIONS = NO;
				ENABLE_STRICT_OBJC_MSGSEND = YES;
				GCC_C_LANGUAGE_STANDARD = gnu11;
				GCC_NO_COMMON_BLOCKS = YES;
				GCC_WARN_64_TO_32_BIT_CONVERSION = YES;
				GCC_WARN_ABOUT_RETURN_TYPE = YES_ERROR;
				GCC_WARN_UNDECLARED_SELECTOR = YES;
				GCC_WARN_UNINITIALIZED_AUTOS = YES_AGGRESSIVE;
				GCC_WARN_UNUSED_FUNCTION = YES;
				GCC_WARN_UNUSED_VARIABLE = YES;
				INFOPLIST_FILE = Tests/Info.plist;
				LD_RUNPATH_SEARCH_PATHS = (
					"$(inherited)",
					"@executable_path/../Frameworks",
					"@loader_path/../Frameworks",
				);
				MTL_ENABLE_DEBUG_INFO = NO;
				MTL_FAST_MATH = YES;
				PRODUCT_BUNDLE_IDENTIFIER = Schrodinger.Tests;
				PRODUCT_NAME = "$(TARGET_NAME)";
				SDKROOT = macosx;
			};
			name = Release;
		};
/* End XCBuildConfiguration section */

/* Begin XCConfigurationList section */
		DA73DE0023D1B2F600E48E24 /* Build configuration list for PBXProject "Schrodinger" */ = {
			isa = XCConfigurationList;
			buildConfigurations = (
				DA73DE0123D1B2F600E48E24 /* Debug */,
				DA73DE0223D1B2F600E48E24 /* Release */,
			);
			defaultConfigurationIsVisible = 0;
			defaultConfigurationName = Release;
		};
		DA73DE0E23D1B33400E48E24 /* Build configuration list for PBXNativeTarget "mac" */ = {
			isa = XCConfigurationList;
			buildConfigurations = (
				DA73DE0F23D1B33400E48E24 /* Debug */,
				DA73DE1023D1B33400E48E24 /* Release */,
			);
			defaultConfigurationIsVisible = 0;
			defaultConfigurationName = Release;
		};
		DA73DE2823D1B49700E48E24 /* Build configuration list for PBXNativeTarget "macApp" */ = {
			isa = XCConfigurationList;
			buildConfigurations = (
				DA73DE2923D1B49700E48E24 /* Debug */,
				DA73DE2A23D1B49700E48E24 /* Release */,
			);
			defaultConfigurationIsVisible = 0;
			defaultConfigurationName = Release;
		};
		DAE28BD723DEE58A005B7BB7 /* Build configuration list for PBXNativeTarget "Tests" */ = {
			isa = XCConfigurationList;
			buildConfigurations = (
				DAE28BD523DEE58A005B7BB7 /* Debug */,
				DAE28BD623DEE58A005B7BB7 /* Release */,
			);
			defaultConfigurationIsVisible = 0;
			defaultConfigurationName = Release;
		};
/* End XCConfigurationList section */
	};
	rootObject = DA73DDFD23D1B2F600E48E24 /* Project object */;
}
